// !$*UTF8*$!
{
	archiveVersion = 1;
	classes = {
	};
	objectVersion = 46;
	objects = {

/* Begin PBXBuildFile section */
		14A3F32FA3535384F520B906 /* libPods-ShellCoinForMerchant.a in Frameworks */ = {isa = PBXBuildFile; fileRef = 842F9D262A12AD6836A31F64 /* libPods-ShellCoinForMerchant.a */; };
		BC085CB61E83645800572E8A /* BaseCollectionViewCell.m in Sources */ = {isa = PBXBuildFile; fileRef = BC085CA81E83645800572E8A /* BaseCollectionViewCell.m */; };
		BC085CB71E83645800572E8A /* BaseHtmlViewController.m in Sources */ = {isa = PBXBuildFile; fileRef = BC085CAA1E83645800572E8A /* BaseHtmlViewController.m */; };
		BC085CB81E83645800572E8A /* BaseModel.m in Sources */ = {isa = PBXBuildFile; fileRef = BC085CAC1E83645800572E8A /* BaseModel.m */; };
		BC085CBB1E83645800572E8A /* BaseTableViewCell.m in Sources */ = {isa = PBXBuildFile; fileRef = BC085CB11E83645800572E8A /* BaseTableViewCell.m */; };
		BC085CBC1E83645800572E8A /* BaseViewController.m in Sources */ = {isa = PBXBuildFile; fileRef = BC085CB31E83645800572E8A /* BaseViewController.m */; };
		BC085CBD1E83645800572E8A /* ShellCoinUserInfo.m in Sources */ = {isa = PBXBuildFile; fileRef = BC085CB51E83645800572E8A /* ShellCoinUserInfo.m */; };
		BC085CDE1E83647C00572E8A /* AutoScroller.m in Sources */ = {isa = PBXBuildFile; fileRef = BC085CC01E83647C00572E8A /* AutoScroller.m */; };
		BC085CDF1E83647C00572E8A /* 213955937960616.cer in Resources */ = {isa = PBXBuildFile; fileRef = BC085CC21E83647C00572E8A /* 213955937960616.cer */; };
		BC085CE01E83647C00572E8A /* BaseHttpClient.m in Sources */ = {isa = PBXBuildFile; fileRef = BC085CC41E83647C00572E8A /* BaseHttpClient.m */; };
		BC085CE11E83647C00572E8A /* HttpClient.m in Sources */ = {isa = PBXBuildFile; fileRef = BC085CC61E83647C00572E8A /* HttpClient.m */; };
		BC085CE21E83647C00572E8A /* HttpClient_Readme.txt in Resources */ = {isa = PBXBuildFile; fileRef = BC085CC71E83647C00572E8A /* HttpClient_Readme.txt */; };
		BC085CE31E83647C00572E8A /* HttpClientAlertViewHelper.m in Sources */ = {isa = PBXBuildFile; fileRef = BC085CC91E83647C00572E8A /* HttpClientAlertViewHelper.m */; };
		BC085CE41E83647C00572E8A /* JAlertViewHelper.m in Sources */ = {isa = PBXBuildFile; fileRef = BC085CCD1E83647C00572E8A /* JAlertViewHelper.m */; };
		BC085CE51E83647C00572E8A /* LSPaoMaView.m in Sources */ = {isa = PBXBuildFile; fileRef = BC085CCF1E83647C00572E8A /* LSPaoMaView.m */; };
		BC085CE61E83647C00572E8A /* NewPagedFlowView.m in Sources */ = {isa = PBXBuildFile; fileRef = BC085CD11E83647C00572E8A /* NewPagedFlowView.m */; };
		BC085CE71E83647C00572E8A /* PGIndexBannerSubiew.m in Sources */ = {isa = PBXBuildFile; fileRef = BC085CD31E83647C00572E8A /* PGIndexBannerSubiew.m */; };
		BC085CE81E83647C00572E8A /* ShellCoinPageControlView.m in Sources */ = {isa = PBXBuildFile; fileRef = BC085CD51E83647C00572E8A /* ShellCoinPageControlView.m */; };
		BC085CEA1E83647C00572E8A /* SwipeView.m in Sources */ = {isa = PBXBuildFile; fileRef = BC085CD91E83647C00572E8A /* SwipeView.m */; };
		BC085CEB1E83647C00572E8A /* Verify.m in Sources */ = {isa = PBXBuildFile; fileRef = BC085CDB1E83647C00572E8A /* Verify.m */; };
		BC085D261E836B3F00572E8A /* Colours.m in Sources */ = {isa = PBXBuildFile; fileRef = BC085CF21E836B3E00572E8A /* Colours.m */; };
		BC085D271E836B3F00572E8A /* CodeScan.bundle in Resources */ = {isa = PBXBuildFile; fileRef = BC085CF41E836B3E00572E8A /* CodeScan.bundle */; };
		BC085D281E836B3F00572E8A /* UIActionSheet+LBXAlertAction.m in Sources */ = {isa = PBXBuildFile; fileRef = BC085CF81E836B3F00572E8A /* UIActionSheet+LBXAlertAction.m */; };
		BC085D291E836B3F00572E8A /* UIAlertView+LBXAlertAction.m in Sources */ = {isa = PBXBuildFile; fileRef = BC085CFA1E836B3F00572E8A /* UIAlertView+LBXAlertAction.m */; };
		BC085D2A1E836B3F00572E8A /* LBXAlertAction.m in Sources */ = {isa = PBXBuildFile; fileRef = BC085CFC1E836B3F00572E8A /* LBXAlertAction.m */; };
		BC085D2B1E836B3F00572E8A /* LBXScanLineAnimation.m in Sources */ = {isa = PBXBuildFile; fileRef = BC085CFE1E836B3F00572E8A /* LBXScanLineAnimation.m */; };
		BC085D2C1E836B3F00572E8A /* LBXScanNative.m in Sources */ = {isa = PBXBuildFile; fileRef = BC085D001E836B3F00572E8A /* LBXScanNative.m */; };
		BC085D2D1E836B3F00572E8A /* LBXScanNetAnimation.m in Sources */ = {isa = PBXBuildFile; fileRef = BC085D021E836B3F00572E8A /* LBXScanNetAnimation.m */; };
		BC085D2E1E836B3F00572E8A /* LBXScanResult.m in Sources */ = {isa = PBXBuildFile; fileRef = BC085D041E836B3F00572E8A /* LBXScanResult.m */; };
		BC085D2F1E836B3F00572E8A /* LBXScanView.m in Sources */ = {isa = PBXBuildFile; fileRef = BC085D061E836B3F00572E8A /* LBXScanView.m */; };
		BC085D301E836B3F00572E8A /* LBXScanViewController.m in Sources */ = {isa = PBXBuildFile; fileRef = BC085D081E836B3F00572E8A /* LBXScanViewController.m */; };
		BC085D311E836B3F00572E8A /* LBXScanViewStyle.m in Sources */ = {isa = PBXBuildFile; fileRef = BC085D0A1E836B3F00572E8A /* LBXScanViewStyle.m */; };
		BC085D321E836B3F00572E8A /* LBXScanWrapper.m in Sources */ = {isa = PBXBuildFile; fileRef = BC085D0C1E836B3F00572E8A /* LBXScanWrapper.m */; };
		BC085D331E836B3F00572E8A /* LBXZXCapture.m in Sources */ = {isa = PBXBuildFile; fileRef = BC085D0E1E836B3F00572E8A /* LBXZXCapture.m */; };
		BC085D341E836B3F00572E8A /* ZXingWrapper.m in Sources */ = {isa = PBXBuildFile; fileRef = BC085D111E836B3F00572E8A /* ZXingWrapper.m */; };
		BC085D451E83718200572E8A /* HomeViewController.m in Sources */ = {isa = PBXBuildFile; fileRef = BC085D441E83718200572E8A /* HomeViewController.m */; };
		BC2537ED1E9B564F007232B3 /* SettlementPayWayView.m in Sources */ = {isa = PBXBuildFile; fileRef = BC2537EC1E9B564F007232B3 /* SettlementPayWayView.m */; };
		BC2537EF1E9B5658007232B3 /* SettlementPayWayView.xib in Resources */ = {isa = PBXBuildFile; fileRef = BC2537EE1E9B5658007232B3 /* SettlementPayWayView.xib */; };
		BC2537F41E9B6042007232B3 /* OrderEntryViewController.m in Sources */ = {isa = PBXBuildFile; fileRef = BC2537F21E9B6042007232B3 /* OrderEntryViewController.m */; };
		BC2537F51E9B6042007232B3 /* OrderEntryViewController.xib in Resources */ = {isa = PBXBuildFile; fileRef = BC2537F31E9B6042007232B3 /* OrderEntryViewController.xib */; };
		BC2537FA1E9B686F007232B3 /* OrderManamentViewController.m in Sources */ = {isa = PBXBuildFile; fileRef = BC2537F81E9B686F007232B3 /* OrderManamentViewController.m */; };
		BC2537FB1E9B686F007232B3 /* OrderManamentViewController.xib in Resources */ = {isa = PBXBuildFile; fileRef = BC2537F91E9B686F007232B3 /* OrderManamentViewController.xib */; };
		BC2537FE1E9B6AFE007232B3 /* SortButtonSwitchView.m in Sources */ = {isa = PBXBuildFile; fileRef = BC2537FD1E9B6AFE007232B3 /* SortButtonSwitchView.m */; };
		BC2538051E9B6B6E007232B3 /* Bill1View.m in Sources */ = {isa = PBXBuildFile; fileRef = BC2538001E9B6B6E007232B3 /* Bill1View.m */; };
		BC2538061E9B6B6E007232B3 /* Bill1View.xib in Resources */ = {isa = PBXBuildFile; fileRef = BC2538011E9B6B6E007232B3 /* Bill1View.xib */; };
		BC2538071E9B6B6E007232B3 /* Bill12View.m in Sources */ = {isa = PBXBuildFile; fileRef = BC2538031E9B6B6E007232B3 /* Bill12View.m */; };
		BC2538081E9B6B6E007232B3 /* Bill12View.xib in Resources */ = {isa = PBXBuildFile; fileRef = BC2538041E9B6B6E007232B3 /* Bill12View.xib */; };
		BC2538161E9B6C7A007232B3 /* UIScrollView+NoDataSouce.m in Sources */ = {isa = PBXBuildFile; fileRef = BC2538121E9B6C7A007232B3 /* UIScrollView+NoDataSouce.m */; };
		BC2538171E9B6C7A007232B3 /* NothingView.m in Sources */ = {isa = PBXBuildFile; fileRef = BC2538141E9B6C7A007232B3 /* NothingView.m */; };
		BC2538181E9B6C7A007232B3 /* NothingView.xib in Resources */ = {isa = PBXBuildFile; fileRef = BC2538151E9B6C7A007232B3 /* NothingView.xib */; };
		BC25381C1E9B6D9B007232B3 /* YetCompleteOrderCell.m in Sources */ = {isa = PBXBuildFile; fileRef = BC25381A1E9B6D9B007232B3 /* YetCompleteOrderCell.m */; };
		BC25381D1E9B6D9B007232B3 /* YetCompleteOrderCell.xib in Resources */ = {isa = PBXBuildFile; fileRef = BC25381B1E9B6D9B007232B3 /* YetCompleteOrderCell.xib */; };
		BC2538211E9B6E02007232B3 /* WaitSureOrderCell.m in Sources */ = {isa = PBXBuildFile; fileRef = BC25381F1E9B6E02007232B3 /* WaitSureOrderCell.m */; };
		BC2538221E9B6E02007232B3 /* WaitSureOrderCell.xib in Resources */ = {isa = PBXBuildFile; fileRef = BC2538201E9B6E02007232B3 /* WaitSureOrderCell.xib */; };
		BC2538261E9B720D007232B3 /* SureOrderView.m in Sources */ = {isa = PBXBuildFile; fileRef = BC2538241E9B720D007232B3 /* SureOrderView.m */; };
		BC2538271E9B720D007232B3 /* SureOrderView.xib in Resources */ = {isa = PBXBuildFile; fileRef = BC2538251E9B720D007232B3 /* SureOrderView.xib */; };
		BC25383B1E9B76B5007232B3 /* ForgetPasswordOneViewController.m in Sources */ = {isa = PBXBuildFile; fileRef = BC25382A1E9B76B5007232B3 /* ForgetPasswordOneViewController.m */; };
		BC25383C1E9B76B5007232B3 /* ForgetPasswordOneViewController.xib in Resources */ = {isa = PBXBuildFile; fileRef = BC25382B1E9B76B5007232B3 /* ForgetPasswordOneViewController.xib */; };
		BC25383D1E9B76B5007232B3 /* ForgetPasswordTwoViewController.m in Sources */ = {isa = PBXBuildFile; fileRef = BC25382D1E9B76B5007232B3 /* ForgetPasswordTwoViewController.m */; };
		BC25383E1E9B76B5007232B3 /* ForgetPasswordTwoViewController.xib in Resources */ = {isa = PBXBuildFile; fileRef = BC25382E1E9B76B5007232B3 /* ForgetPasswordTwoViewController.xib */; };
		BC25383F1E9B76B5007232B3 /* Login.storyboard in Resources */ = {isa = PBXBuildFile; fileRef = BC25382F1E9B76B5007232B3 /* Login.storyboard */; };
		BC2538401E9B76B5007232B3 /* Login.xcassets in Resources */ = {isa = PBXBuildFile; fileRef = BC2538301E9B76B5007232B3 /* Login.xcassets */; };
		BC2538411E9B76B5007232B3 /* LoginViewController.m in Sources */ = {isa = PBXBuildFile; fileRef = BC2538321E9B76B5007232B3 /* LoginViewController.m */; };
		BC2538421E9B76B5007232B3 /* RegisterOneViewController.m in Sources */ = {isa = PBXBuildFile; fileRef = BC2538341E9B76B5007232B3 /* RegisterOneViewController.m */; };
		BC2538431E9B76B5007232B3 /* RegisterOneViewController.xib in Resources */ = {isa = PBXBuildFile; fileRef = BC2538351E9B76B5007232B3 /* RegisterOneViewController.xib */; };
		BC2538441E9B76B5007232B3 /* RegisterTwoViewController.m in Sources */ = {isa = PBXBuildFile; fileRef = BC2538371E9B76B5007232B3 /* RegisterTwoViewController.m */; };
		BC2538451E9B76B5007232B3 /* RegisterTwoViewController.xib in Resources */ = {isa = PBXBuildFile; fileRef = BC2538381E9B76B5007232B3 /* RegisterTwoViewController.xib */; };
		BC2538461E9B76B5007232B3 /* RootLoginViewController.m in Sources */ = {isa = PBXBuildFile; fileRef = BC25383A1E9B76B5007232B3 /* RootLoginViewController.m */; };
		BC2538601E9B7890007232B3 /* libUMessage_Sdk_1.4.0.a in Frameworks */ = {isa = PBXBuildFile; fileRef = BC2538511E9B7890007232B3 /* libUMessage_Sdk_1.4.0.a */; };
		BC2538611E9B7890007232B3 /* UMSocialCore.framework in Frameworks */ = {isa = PBXBuildFile; fileRef = BC2538541E9B7890007232B3 /* UMSocialCore.framework */; };
		BC2538621E9B7890007232B3 /* UMSocialNetwork.framework in Frameworks */ = {isa = PBXBuildFile; fileRef = BC2538551E9B7890007232B3 /* UMSocialNetwork.framework */; };
		BC2538631E9B7890007232B3 /* UMSocialSDKResources.bundle in Resources */ = {isa = PBXBuildFile; fileRef = BC2538561E9B7890007232B3 /* UMSocialSDKResources.bundle */; };
		BC2538641E9B7890007232B3 /* UShareUI.framework in Frameworks */ = {isa = PBXBuildFile; fileRef = BC2538571E9B7890007232B3 /* UShareUI.framework */; };
		BC2538651E9B7890007232B3 /* UMMobClick.framework in Frameworks */ = {isa = PBXBuildFile; fileRef = BC2538591E9B7890007232B3 /* UMMobClick.framework */; };
		BC2538661E9B7890007232B3 /* libSocialWeChat.a in Frameworks */ = {isa = PBXBuildFile; fileRef = BC25385B1E9B7890007232B3 /* libSocialWeChat.a */; };
		BC2538671E9B7890007232B3 /* libWeChatSDK.a in Frameworks */ = {isa = PBXBuildFile; fileRef = BC25385C1E9B7890007232B3 /* libWeChatSDK.a */; };
		BC25386A1E9B78D7007232B3 /* WeXinPayObject.m in Sources */ = {isa = PBXBuildFile; fileRef = BC2538691E9B78D7007232B3 /* WeXinPayObject.m */; };
		BC25386C1E9B79FD007232B3 /* libz.tbd in Frameworks */ = {isa = PBXBuildFile; fileRef = BC25386B1E9B79FD007232B3 /* libz.tbd */; };
		BC25386E1E9B7A0C007232B3 /* libstdc++.6.0.9.tbd in Frameworks */ = {isa = PBXBuildFile; fileRef = BC25386D1E9B7A0C007232B3 /* libstdc++.6.0.9.tbd */; };
		BC2538701E9B7A17007232B3 /* libsqlite3.tbd in Frameworks */ = {isa = PBXBuildFile; fileRef = BC25386F1E9B7A17007232B3 /* libsqlite3.tbd */; };
		BC3FB69D1E975E5100C06A95 /* Home.xcassets in Resources */ = {isa = PBXBuildFile; fileRef = BC3FB69C1E975E5100C06A95 /* Home.xcassets */; };
		BC3FB6A51E97638100C06A95 /* BillAmountDataModel.m in Sources */ = {isa = PBXBuildFile; fileRef = BC3FB6A41E97638100C06A95 /* BillAmountDataModel.m */; };
		BC3FB6A81E9763A100C06A95 /* BillDataModel.m in Sources */ = {isa = PBXBuildFile; fileRef = BC3FB6A71E9763A100C06A95 /* BillDataModel.m */; };
		BC3FB6AB1E97651800C06A95 /* RootViewController.m in Sources */ = {isa = PBXBuildFile; fileRef = BC3FB6AA1E97651800C06A95 /* RootViewController.m */; };
		BC3FB6AF1E9768EA00C06A95 /* BaseNavigationBar.m in Sources */ = {isa = PBXBuildFile; fileRef = BC3FB6AD1E9768EA00C06A95 /* BaseNavigationBar.m */; };
		BC3FB6B01E9768EA00C06A95 /* BaseNavigationBar.xib in Resources */ = {isa = PBXBuildFile; fileRef = BC3FB6AE1E9768EA00C06A95 /* BaseNavigationBar.xib */; };
		BC3FB6B21E97691200C06A95 /* Public.xcassets in Resources */ = {isa = PBXBuildFile; fileRef = BC3FB6B11E97691200C06A95 /* Public.xcassets */; };
		BC3FB6B71E9769A300C06A95 /* StateMentsMViewController.m in Sources */ = {isa = PBXBuildFile; fileRef = BC3FB6B51E9769A300C06A95 /* StateMentsMViewController.m */; };
		BC3FB6B81E9769A300C06A95 /* StateMentsMViewController.xib in Resources */ = {isa = PBXBuildFile; fileRef = BC3FB6B61E9769A300C06A95 /* StateMentsMViewController.xib */; };
		BC3FB6BC1E976DDD00C06A95 /* StateMentTableViewCell.m in Sources */ = {isa = PBXBuildFile; fileRef = BC3FB6BA1E976DDD00C06A95 /* StateMentTableViewCell.m */; };
		BC3FB6BD1E976DDD00C06A95 /* StateMentTableViewCell.xib in Resources */ = {isa = PBXBuildFile; fileRef = BC3FB6BB1E976DDD00C06A95 /* StateMentTableViewCell.xib */; };
		BCAC5D1F1E8268B4003CACF8 /* main.m in Sources */ = {isa = PBXBuildFile; fileRef = BCAC5D1E1E8268B4003CACF8 /* main.m */; };
		BCAC5D221E8268B4003CACF8 /* AppDelegate.m in Sources */ = {isa = PBXBuildFile; fileRef = BCAC5D211E8268B4003CACF8 /* AppDelegate.m */; };
		BCAC5D251E8268B4003CACF8 /* ViewController.m in Sources */ = {isa = PBXBuildFile; fileRef = BCAC5D241E8268B4003CACF8 /* ViewController.m */; };
		BCAC5D281E8268B4003CACF8 /* Main.storyboard in Resources */ = {isa = PBXBuildFile; fileRef = BCAC5D261E8268B4003CACF8 /* Main.storyboard */; };
		BCAC5D2B1E8268B4003CACF8 /* ShellCoinForMerchant.xcdatamodeld in Sources */ = {isa = PBXBuildFile; fileRef = BCAC5D291E8268B4003CACF8 /* ShellCoinForMerchant.xcdatamodeld */; };
		BCAC5D2D1E8268B4003CACF8 /* Assets.xcassets in Resources */ = {isa = PBXBuildFile; fileRef = BCAC5D2C1E8268B4003CACF8 /* Assets.xcassets */; };
		BCAC5D301E8268B4003CACF8 /* LaunchScreen.storyboard in Resources */ = {isa = PBXBuildFile; fileRef = BCAC5D2E1E8268B4003CACF8 /* LaunchScreen.storyboard */; };
		BCAC5D3B1E8268B4003CACF8 /* ShellCoinForMerchantTests.m in Sources */ = {isa = PBXBuildFile; fileRef = BCAC5D3A1E8268B4003CACF8 /* ShellCoinForMerchantTests.m */; };
		BCAC5D461E8268B4003CACF8 /* ShellCoinForMerchantUITests.m in Sources */ = {isa = PBXBuildFile; fileRef = BCAC5D451E8268B4003CACF8 /* ShellCoinForMerchantUITests.m */; };
/* End PBXBuildFile section */

/* Begin PBXContainerItemProxy section */
		BCAC5D371E8268B4003CACF8 /* PBXContainerItemProxy */ = {
			isa = PBXContainerItemProxy;
			containerPortal = BCAC5D121E8268B4003CACF8 /* Project object */;
			proxyType = 1;
			remoteGlobalIDString = BCAC5D191E8268B4003CACF8;
			remoteInfo = ShellCoinForMerchant;
		};
		BCAC5D421E8268B4003CACF8 /* PBXContainerItemProxy */ = {
			isa = PBXContainerItemProxy;
			containerPortal = BCAC5D121E8268B4003CACF8 /* Project object */;
			proxyType = 1;
			remoteGlobalIDString = BCAC5D191E8268B4003CACF8;
			remoteInfo = ShellCoinForMerchant;
		};
/* End PBXContainerItemProxy section */

/* Begin PBXFileReference section */
		572BBA7B2F43A719AE18FDF0 /* Pods-ShellCoinForMerchant.release.xcconfig */ = {isa = PBXFileReference; includeInIndex = 1; lastKnownFileType = text.xcconfig; name = "Pods-ShellCoinForMerchant.release.xcconfig"; path = "Pods/Target Support Files/Pods-ShellCoinForMerchant/Pods-ShellCoinForMerchant.release.xcconfig"; sourceTree = "<group>"; };
		842F9D262A12AD6836A31F64 /* libPods-ShellCoinForMerchant.a */ = {isa = PBXFileReference; explicitFileType = archive.ar; includeInIndex = 0; path = "libPods-ShellCoinForMerchant.a"; sourceTree = BUILT_PRODUCTS_DIR; };
		BC085CA71E83645800572E8A /* BaseCollectionViewCell.h */ = {isa = PBXFileReference; fileEncoding = 4; lastKnownFileType = sourcecode.c.h; path = BaseCollectionViewCell.h; sourceTree = "<group>"; };
		BC085CA81E83645800572E8A /* BaseCollectionViewCell.m */ = {isa = PBXFileReference; fileEncoding = 4; lastKnownFileType = sourcecode.c.objc; path = BaseCollectionViewCell.m; sourceTree = "<group>"; };
		BC085CA91E83645800572E8A /* BaseHtmlViewController.h */ = {isa = PBXFileReference; fileEncoding = 4; lastKnownFileType = sourcecode.c.h; path = BaseHtmlViewController.h; sourceTree = "<group>"; };
		BC085CAA1E83645800572E8A /* BaseHtmlViewController.m */ = {isa = PBXFileReference; fileEncoding = 4; lastKnownFileType = sourcecode.c.objc; path = BaseHtmlViewController.m; sourceTree = "<group>"; };
		BC085CAB1E83645800572E8A /* BaseModel.h */ = {isa = PBXFileReference; fileEncoding = 4; lastKnownFileType = sourcecode.c.h; path = BaseModel.h; sourceTree = "<group>"; };
		BC085CAC1E83645800572E8A /* BaseModel.m */ = {isa = PBXFileReference; fileEncoding = 4; lastKnownFileType = sourcecode.c.objc; path = BaseModel.m; sourceTree = "<group>"; };
		BC085CB01E83645800572E8A /* BaseTableViewCell.h */ = {isa = PBXFileReference; fileEncoding = 4; lastKnownFileType = sourcecode.c.h; path = BaseTableViewCell.h; sourceTree = "<group>"; };
		BC085CB11E83645800572E8A /* BaseTableViewCell.m */ = {isa = PBXFileReference; fileEncoding = 4; lastKnownFileType = sourcecode.c.objc; path = BaseTableViewCell.m; sourceTree = "<group>"; };
		BC085CB21E83645800572E8A /* BaseViewController.h */ = {isa = PBXFileReference; fileEncoding = 4; lastKnownFileType = sourcecode.c.h; path = BaseViewController.h; sourceTree = "<group>"; };
		BC085CB31E83645800572E8A /* BaseViewController.m */ = {isa = PBXFileReference; fileEncoding = 4; lastKnownFileType = sourcecode.c.objc; path = BaseViewController.m; sourceTree = "<group>"; };
		BC085CB41E83645800572E8A /* ShellCoinUserInfo.h */ = {isa = PBXFileReference; fileEncoding = 4; lastKnownFileType = sourcecode.c.h; path = ShellCoinUserInfo.h; sourceTree = "<group>"; };
		BC085CB51E83645800572E8A /* ShellCoinUserInfo.m */ = {isa = PBXFileReference; fileEncoding = 4; lastKnownFileType = sourcecode.c.objc; path = ShellCoinUserInfo.m; sourceTree = "<group>"; };
		BC085CBF1E83647C00572E8A /* AutoScroller.h */ = {isa = PBXFileReference; fileEncoding = 4; lastKnownFileType = sourcecode.c.h; path = AutoScroller.h; sourceTree = "<group>"; };
		BC085CC01E83647C00572E8A /* AutoScroller.m */ = {isa = PBXFileReference; fileEncoding = 4; lastKnownFileType = sourcecode.c.objc; path = AutoScroller.m; sourceTree = "<group>"; };
		BC085CC21E83647C00572E8A /* 213955937960616.cer */ = {isa = PBXFileReference; fileEncoding = 4; lastKnownFileType = text; path = 213955937960616.cer; sourceTree = "<group>"; };
		BC085CC31E83647C00572E8A /* BaseHttpClient.h */ = {isa = PBXFileReference; fileEncoding = 4; lastKnownFileType = sourcecode.c.h; path = BaseHttpClient.h; sourceTree = "<group>"; };
		BC085CC41E83647C00572E8A /* BaseHttpClient.m */ = {isa = PBXFileReference; fileEncoding = 4; lastKnownFileType = sourcecode.c.objc; path = BaseHttpClient.m; sourceTree = "<group>"; };
		BC085CC51E83647C00572E8A /* HttpClient.h */ = {isa = PBXFileReference; fileEncoding = 4; lastKnownFileType = sourcecode.c.h; path = HttpClient.h; sourceTree = "<group>"; };
		BC085CC61E83647C00572E8A /* HttpClient.m */ = {isa = PBXFileReference; fileEncoding = 4; lastKnownFileType = sourcecode.c.objc; path = HttpClient.m; sourceTree = "<group>"; };
		BC085CC71E83647C00572E8A /* HttpClient_Readme.txt */ = {isa = PBXFileReference; fileEncoding = 4; lastKnownFileType = text; path = HttpClient_Readme.txt; sourceTree = "<group>"; };
		BC085CC81E83647C00572E8A /* HttpClientAlertViewHelper.h */ = {isa = PBXFileReference; fileEncoding = 4; lastKnownFileType = sourcecode.c.h; path = HttpClientAlertViewHelper.h; sourceTree = "<group>"; };
		BC085CC91E83647C00572E8A /* HttpClientAlertViewHelper.m */ = {isa = PBXFileReference; fileEncoding = 4; lastKnownFileType = sourcecode.c.objc; path = HttpClientAlertViewHelper.m; sourceTree = "<group>"; };
		BC085CCA1E83647C00572E8A /* HttpClientConstant.h */ = {isa = PBXFileReference; fileEncoding = 4; lastKnownFileType = sourcecode.c.h; path = HttpClientConstant.h; sourceTree = "<group>"; };
		BC085CCB1E83647C00572E8A /* NetworkRequestProtocal.h */ = {isa = PBXFileReference; fileEncoding = 4; lastKnownFileType = sourcecode.c.h; path = NetworkRequestProtocal.h; sourceTree = "<group>"; };
		BC085CCC1E83647C00572E8A /* JAlertViewHelper.h */ = {isa = PBXFileReference; fileEncoding = 4; lastKnownFileType = sourcecode.c.h; path = JAlertViewHelper.h; sourceTree = "<group>"; };
		BC085CCD1E83647C00572E8A /* JAlertViewHelper.m */ = {isa = PBXFileReference; fileEncoding = 4; lastKnownFileType = sourcecode.c.objc; path = JAlertViewHelper.m; sourceTree = "<group>"; };
		BC085CCE1E83647C00572E8A /* LSPaoMaView.h */ = {isa = PBXFileReference; fileEncoding = 4; lastKnownFileType = sourcecode.c.h; path = LSPaoMaView.h; sourceTree = "<group>"; };
		BC085CCF1E83647C00572E8A /* LSPaoMaView.m */ = {isa = PBXFileReference; fileEncoding = 4; lastKnownFileType = sourcecode.c.objc; path = LSPaoMaView.m; sourceTree = "<group>"; };
		BC085CD01E83647C00572E8A /* NewPagedFlowView.h */ = {isa = PBXFileReference; fileEncoding = 4; lastKnownFileType = sourcecode.c.h; path = NewPagedFlowView.h; sourceTree = "<group>"; };
		BC085CD11E83647C00572E8A /* NewPagedFlowView.m */ = {isa = PBXFileReference; fileEncoding = 4; lastKnownFileType = sourcecode.c.objc; path = NewPagedFlowView.m; sourceTree = "<group>"; };
		BC085CD21E83647C00572E8A /* PGIndexBannerSubiew.h */ = {isa = PBXFileReference; fileEncoding = 4; lastKnownFileType = sourcecode.c.h; path = PGIndexBannerSubiew.h; sourceTree = "<group>"; };
		BC085CD31E83647C00572E8A /* PGIndexBannerSubiew.m */ = {isa = PBXFileReference; fileEncoding = 4; lastKnownFileType = sourcecode.c.objc; path = PGIndexBannerSubiew.m; sourceTree = "<group>"; };
		BC085CD41E83647C00572E8A /* ShellCoinPageControlView.h */ = {isa = PBXFileReference; fileEncoding = 4; lastKnownFileType = sourcecode.c.h; path = ShellCoinPageControlView.h; sourceTree = "<group>"; };
		BC085CD51E83647C00572E8A /* ShellCoinPageControlView.m */ = {isa = PBXFileReference; fileEncoding = 4; lastKnownFileType = sourcecode.c.objc; path = ShellCoinPageControlView.m; sourceTree = "<group>"; };
		BC085CD81E83647C00572E8A /* SwipeView.h */ = {isa = PBXFileReference; fileEncoding = 4; lastKnownFileType = sourcecode.c.h; path = SwipeView.h; sourceTree = "<group>"; };
		BC085CD91E83647C00572E8A /* SwipeView.m */ = {isa = PBXFileReference; fileEncoding = 4; lastKnownFileType = sourcecode.c.objc; path = SwipeView.m; sourceTree = "<group>"; };
		BC085CDA1E83647C00572E8A /* Verify.h */ = {isa = PBXFileReference; fileEncoding = 4; lastKnownFileType = sourcecode.c.h; path = Verify.h; sourceTree = "<group>"; };
		BC085CDB1E83647C00572E8A /* Verify.m */ = {isa = PBXFileReference; fileEncoding = 4; lastKnownFileType = sourcecode.c.objc; path = Verify.m; sourceTree = "<group>"; };
		BC085CED1E836ABB00572E8A /* PrefixHeader.pch */ = {isa = PBXFileReference; fileEncoding = 4; lastKnownFileType = sourcecode.c.h; path = PrefixHeader.pch; sourceTree = "<group>"; };
		BC085CEE1E836ABB00572E8A /* TTXMacro.h */ = {isa = PBXFileReference; fileEncoding = 4; lastKnownFileType = sourcecode.c.h; path = TTXMacro.h; sourceTree = "<group>"; };
		BC085CF11E836B3E00572E8A /* Colours.h */ = {isa = PBXFileReference; fileEncoding = 4; lastKnownFileType = sourcecode.c.h; path = Colours.h; sourceTree = "<group>"; };
		BC085CF21E836B3E00572E8A /* Colours.m */ = {isa = PBXFileReference; fileEncoding = 4; lastKnownFileType = sourcecode.c.objc; path = Colours.m; sourceTree = "<group>"; };
		BC085CF41E836B3E00572E8A /* CodeScan.bundle */ = {isa = PBXFileReference; lastKnownFileType = "wrapper.plug-in"; path = CodeScan.bundle; sourceTree = "<group>"; };
		BC085CF71E836B3E00572E8A /* UIActionSheet+LBXAlertAction.h */ = {isa = PBXFileReference; fileEncoding = 4; lastKnownFileType = sourcecode.c.h; path = "UIActionSheet+LBXAlertAction.h"; sourceTree = "<group>"; };
		BC085CF81E836B3F00572E8A /* UIActionSheet+LBXAlertAction.m */ = {isa = PBXFileReference; fileEncoding = 4; lastKnownFileType = sourcecode.c.objc; path = "UIActionSheet+LBXAlertAction.m"; sourceTree = "<group>"; };
		BC085CF91E836B3F00572E8A /* UIAlertView+LBXAlertAction.h */ = {isa = PBXFileReference; fileEncoding = 4; lastKnownFileType = sourcecode.c.h; path = "UIAlertView+LBXAlertAction.h"; sourceTree = "<group>"; };
		BC085CFA1E836B3F00572E8A /* UIAlertView+LBXAlertAction.m */ = {isa = PBXFileReference; fileEncoding = 4; lastKnownFileType = sourcecode.c.objc; path = "UIAlertView+LBXAlertAction.m"; sourceTree = "<group>"; };
		BC085CFB1E836B3F00572E8A /* LBXAlertAction.h */ = {isa = PBXFileReference; fileEncoding = 4; lastKnownFileType = sourcecode.c.h; path = LBXAlertAction.h; sourceTree = "<group>"; };
		BC085CFC1E836B3F00572E8A /* LBXAlertAction.m */ = {isa = PBXFileReference; fileEncoding = 4; lastKnownFileType = sourcecode.c.objc; path = LBXAlertAction.m; sourceTree = "<group>"; };
		BC085CFD1E836B3F00572E8A /* LBXScanLineAnimation.h */ = {isa = PBXFileReference; fileEncoding = 4; lastKnownFileType = sourcecode.c.h; path = LBXScanLineAnimation.h; sourceTree = "<group>"; };
		BC085CFE1E836B3F00572E8A /* LBXScanLineAnimation.m */ = {isa = PBXFileReference; fileEncoding = 4; lastKnownFileType = sourcecode.c.objc; path = LBXScanLineAnimation.m; sourceTree = "<group>"; };
		BC085CFF1E836B3F00572E8A /* LBXScanNative.h */ = {isa = PBXFileReference; fileEncoding = 4; lastKnownFileType = sourcecode.c.h; path = LBXScanNative.h; sourceTree = "<group>"; };
		BC085D001E836B3F00572E8A /* LBXScanNative.m */ = {isa = PBXFileReference; fileEncoding = 4; lastKnownFileType = sourcecode.c.objc; path = LBXScanNative.m; sourceTree = "<group>"; };
		BC085D011E836B3F00572E8A /* LBXScanNetAnimation.h */ = {isa = PBXFileReference; fileEncoding = 4; lastKnownFileType = sourcecode.c.h; path = LBXScanNetAnimation.h; sourceTree = "<group>"; };
		BC085D021E836B3F00572E8A /* LBXScanNetAnimation.m */ = {isa = PBXFileReference; fileEncoding = 4; lastKnownFileType = sourcecode.c.objc; path = LBXScanNetAnimation.m; sourceTree = "<group>"; };
		BC085D031E836B3F00572E8A /* LBXScanResult.h */ = {isa = PBXFileReference; fileEncoding = 4; lastKnownFileType = sourcecode.c.h; path = LBXScanResult.h; sourceTree = "<group>"; };
		BC085D041E836B3F00572E8A /* LBXScanResult.m */ = {isa = PBXFileReference; fileEncoding = 4; lastKnownFileType = sourcecode.c.objc; path = LBXScanResult.m; sourceTree = "<group>"; };
		BC085D051E836B3F00572E8A /* LBXScanView.h */ = {isa = PBXFileReference; fileEncoding = 4; lastKnownFileType = sourcecode.c.h; path = LBXScanView.h; sourceTree = "<group>"; };
		BC085D061E836B3F00572E8A /* LBXScanView.m */ = {isa = PBXFileReference; fileEncoding = 4; lastKnownFileType = sourcecode.c.objc; path = LBXScanView.m; sourceTree = "<group>"; };
		BC085D071E836B3F00572E8A /* LBXScanViewController.h */ = {isa = PBXFileReference; fileEncoding = 4; lastKnownFileType = sourcecode.c.h; path = LBXScanViewController.h; sourceTree = "<group>"; };
		BC085D081E836B3F00572E8A /* LBXScanViewController.m */ = {isa = PBXFileReference; fileEncoding = 4; lastKnownFileType = sourcecode.c.objc; path = LBXScanViewController.m; sourceTree = "<group>"; };
		BC085D091E836B3F00572E8A /* LBXScanViewStyle.h */ = {isa = PBXFileReference; fileEncoding = 4; lastKnownFileType = sourcecode.c.h; path = LBXScanViewStyle.h; sourceTree = "<group>"; };
		BC085D0A1E836B3F00572E8A /* LBXScanViewStyle.m */ = {isa = PBXFileReference; fileEncoding = 4; lastKnownFileType = sourcecode.c.objc; path = LBXScanViewStyle.m; sourceTree = "<group>"; };
		BC085D0B1E836B3F00572E8A /* LBXScanWrapper.h */ = {isa = PBXFileReference; fileEncoding = 4; lastKnownFileType = sourcecode.c.h; path = LBXScanWrapper.h; sourceTree = "<group>"; };
		BC085D0C1E836B3F00572E8A /* LBXScanWrapper.m */ = {isa = PBXFileReference; fileEncoding = 4; lastKnownFileType = sourcecode.c.objc; path = LBXScanWrapper.m; sourceTree = "<group>"; };
		BC085D0D1E836B3F00572E8A /* LBXZXCapture.h */ = {isa = PBXFileReference; fileEncoding = 4; lastKnownFileType = sourcecode.c.h; path = LBXZXCapture.h; sourceTree = "<group>"; };
		BC085D0E1E836B3F00572E8A /* LBXZXCapture.m */ = {isa = PBXFileReference; fileEncoding = 4; lastKnownFileType = sourcecode.c.objc; path = LBXZXCapture.m; sourceTree = "<group>"; };
		BC085D0F1E836B3F00572E8A /* LBXZXCaptureDelegate.h */ = {isa = PBXFileReference; fileEncoding = 4; lastKnownFileType = sourcecode.c.h; path = LBXZXCaptureDelegate.h; sourceTree = "<group>"; };
		BC085D101E836B3F00572E8A /* ZXingWrapper.h */ = {isa = PBXFileReference; fileEncoding = 4; lastKnownFileType = sourcecode.c.h; path = ZXingWrapper.h; sourceTree = "<group>"; };
		BC085D111E836B3F00572E8A /* ZXingWrapper.m */ = {isa = PBXFileReference; fileEncoding = 4; lastKnownFileType = sourcecode.c.objc; path = ZXingWrapper.m; sourceTree = "<group>"; };
		BC085D431E83718200572E8A /* HomeViewController.h */ = {isa = PBXFileReference; fileEncoding = 4; lastKnownFileType = sourcecode.c.h; path = HomeViewController.h; sourceTree = "<group>"; };
		BC085D441E83718200572E8A /* HomeViewController.m */ = {isa = PBXFileReference; fileEncoding = 4; lastKnownFileType = sourcecode.c.objc; path = HomeViewController.m; sourceTree = "<group>"; };
		BC2537EB1E9B564F007232B3 /* SettlementPayWayView.h */ = {isa = PBXFileReference; fileEncoding = 4; lastKnownFileType = sourcecode.c.h; path = SettlementPayWayView.h; sourceTree = "<group>"; };
		BC2537EC1E9B564F007232B3 /* SettlementPayWayView.m */ = {isa = PBXFileReference; fileEncoding = 4; lastKnownFileType = sourcecode.c.objc; path = SettlementPayWayView.m; sourceTree = "<group>"; };
		BC2537EE1E9B5658007232B3 /* SettlementPayWayView.xib */ = {isa = PBXFileReference; fileEncoding = 4; lastKnownFileType = file.xib; path = SettlementPayWayView.xib; sourceTree = "<group>"; };
		BC2537F11E9B6042007232B3 /* OrderEntryViewController.h */ = {isa = PBXFileReference; fileEncoding = 4; lastKnownFileType = sourcecode.c.h; path = OrderEntryViewController.h; sourceTree = "<group>"; };
		BC2537F21E9B6042007232B3 /* OrderEntryViewController.m */ = {isa = PBXFileReference; fileEncoding = 4; lastKnownFileType = sourcecode.c.objc; path = OrderEntryViewController.m; sourceTree = "<group>"; };
		BC2537F31E9B6042007232B3 /* OrderEntryViewController.xib */ = {isa = PBXFileReference; fileEncoding = 4; lastKnownFileType = file.xib; path = OrderEntryViewController.xib; sourceTree = "<group>"; };
		BC2537F71E9B686F007232B3 /* OrderManamentViewController.h */ = {isa = PBXFileReference; fileEncoding = 4; lastKnownFileType = sourcecode.c.h; path = OrderManamentViewController.h; sourceTree = "<group>"; };
		BC2537F81E9B686F007232B3 /* OrderManamentViewController.m */ = {isa = PBXFileReference; fileEncoding = 4; lastKnownFileType = sourcecode.c.objc; path = OrderManamentViewController.m; sourceTree = "<group>"; };
		BC2537F91E9B686F007232B3 /* OrderManamentViewController.xib */ = {isa = PBXFileReference; fileEncoding = 4; lastKnownFileType = file.xib; path = OrderManamentViewController.xib; sourceTree = "<group>"; };
		BC2537FC1E9B6AFE007232B3 /* SortButtonSwitchView.h */ = {isa = PBXFileReference; fileEncoding = 4; lastKnownFileType = sourcecode.c.h; path = SortButtonSwitchView.h; sourceTree = "<group>"; };
		BC2537FD1E9B6AFE007232B3 /* SortButtonSwitchView.m */ = {isa = PBXFileReference; fileEncoding = 4; lastKnownFileType = sourcecode.c.objc; path = SortButtonSwitchView.m; sourceTree = "<group>"; };
		BC2537FF1E9B6B6E007232B3 /* Bill1View.h */ = {isa = PBXFileReference; fileEncoding = 4; lastKnownFileType = sourcecode.c.h; path = Bill1View.h; sourceTree = "<group>"; };
		BC2538001E9B6B6E007232B3 /* Bill1View.m */ = {isa = PBXFileReference; fileEncoding = 4; lastKnownFileType = sourcecode.c.objc; path = Bill1View.m; sourceTree = "<group>"; };
		BC2538011E9B6B6E007232B3 /* Bill1View.xib */ = {isa = PBXFileReference; fileEncoding = 4; lastKnownFileType = file.xib; path = Bill1View.xib; sourceTree = "<group>"; };
		BC2538021E9B6B6E007232B3 /* Bill12View.h */ = {isa = PBXFileReference; fileEncoding = 4; lastKnownFileType = sourcecode.c.h; path = Bill12View.h; sourceTree = "<group>"; };
		BC2538031E9B6B6E007232B3 /* Bill12View.m */ = {isa = PBXFileReference; fileEncoding = 4; lastKnownFileType = sourcecode.c.objc; path = Bill12View.m; sourceTree = "<group>"; };
		BC2538041E9B6B6E007232B3 /* Bill12View.xib */ = {isa = PBXFileReference; fileEncoding = 4; lastKnownFileType = file.xib; path = Bill12View.xib; sourceTree = "<group>"; };
		BC2538111E9B6C7A007232B3 /* UIScrollView+NoDataSouce.h */ = {isa = PBXFileReference; fileEncoding = 4; lastKnownFileType = sourcecode.c.h; path = "UIScrollView+NoDataSouce.h"; sourceTree = "<group>"; };
		BC2538121E9B6C7A007232B3 /* UIScrollView+NoDataSouce.m */ = {isa = PBXFileReference; fileEncoding = 4; lastKnownFileType = sourcecode.c.objc; path = "UIScrollView+NoDataSouce.m"; sourceTree = "<group>"; };
		BC2538131E9B6C7A007232B3 /* NothingView.h */ = {isa = PBXFileReference; fileEncoding = 4; lastKnownFileType = sourcecode.c.h; path = NothingView.h; sourceTree = "<group>"; };
		BC2538141E9B6C7A007232B3 /* NothingView.m */ = {isa = PBXFileReference; fileEncoding = 4; lastKnownFileType = sourcecode.c.objc; path = NothingView.m; sourceTree = "<group>"; };
		BC2538151E9B6C7A007232B3 /* NothingView.xib */ = {isa = PBXFileReference; fileEncoding = 4; lastKnownFileType = file.xib; path = NothingView.xib; sourceTree = "<group>"; };
		BC2538191E9B6D9B007232B3 /* YetCompleteOrderCell.h */ = {isa = PBXFileReference; fileEncoding = 4; lastKnownFileType = sourcecode.c.h; path = YetCompleteOrderCell.h; sourceTree = "<group>"; };
		BC25381A1E9B6D9B007232B3 /* YetCompleteOrderCell.m */ = {isa = PBXFileReference; fileEncoding = 4; lastKnownFileType = sourcecode.c.objc; path = YetCompleteOrderCell.m; sourceTree = "<group>"; };
		BC25381B1E9B6D9B007232B3 /* YetCompleteOrderCell.xib */ = {isa = PBXFileReference; fileEncoding = 4; lastKnownFileType = file.xib; path = YetCompleteOrderCell.xib; sourceTree = "<group>"; };
		BC25381E1E9B6E02007232B3 /* WaitSureOrderCell.h */ = {isa = PBXFileReference; fileEncoding = 4; lastKnownFileType = sourcecode.c.h; path = WaitSureOrderCell.h; sourceTree = "<group>"; };
		BC25381F1E9B6E02007232B3 /* WaitSureOrderCell.m */ = {isa = PBXFileReference; fileEncoding = 4; lastKnownFileType = sourcecode.c.objc; path = WaitSureOrderCell.m; sourceTree = "<group>"; };
		BC2538201E9B6E02007232B3 /* WaitSureOrderCell.xib */ = {isa = PBXFileReference; fileEncoding = 4; lastKnownFileType = file.xib; path = WaitSureOrderCell.xib; sourceTree = "<group>"; };
		BC2538231E9B720D007232B3 /* SureOrderView.h */ = {isa = PBXFileReference; fileEncoding = 4; lastKnownFileType = sourcecode.c.h; path = SureOrderView.h; sourceTree = "<group>"; };
		BC2538241E9B720D007232B3 /* SureOrderView.m */ = {isa = PBXFileReference; fileEncoding = 4; lastKnownFileType = sourcecode.c.objc; path = SureOrderView.m; sourceTree = "<group>"; };
		BC2538251E9B720D007232B3 /* SureOrderView.xib */ = {isa = PBXFileReference; fileEncoding = 4; lastKnownFileType = file.xib; path = SureOrderView.xib; sourceTree = "<group>"; };
		BC2538291E9B76B5007232B3 /* ForgetPasswordOneViewController.h */ = {isa = PBXFileReference; fileEncoding = 4; lastKnownFileType = sourcecode.c.h; path = ForgetPasswordOneViewController.h; sourceTree = "<group>"; };
		BC25382A1E9B76B5007232B3 /* ForgetPasswordOneViewController.m */ = {isa = PBXFileReference; fileEncoding = 4; lastKnownFileType = sourcecode.c.objc; path = ForgetPasswordOneViewController.m; sourceTree = "<group>"; };
		BC25382B1E9B76B5007232B3 /* ForgetPasswordOneViewController.xib */ = {isa = PBXFileReference; fileEncoding = 4; lastKnownFileType = file.xib; path = ForgetPasswordOneViewController.xib; sourceTree = "<group>"; };
		BC25382C1E9B76B5007232B3 /* ForgetPasswordTwoViewController.h */ = {isa = PBXFileReference; fileEncoding = 4; lastKnownFileType = sourcecode.c.h; path = ForgetPasswordTwoViewController.h; sourceTree = "<group>"; };
		BC25382D1E9B76B5007232B3 /* ForgetPasswordTwoViewController.m */ = {isa = PBXFileReference; fileEncoding = 4; lastKnownFileType = sourcecode.c.objc; path = ForgetPasswordTwoViewController.m; sourceTree = "<group>"; };
		BC25382E1E9B76B5007232B3 /* ForgetPasswordTwoViewController.xib */ = {isa = PBXFileReference; fileEncoding = 4; lastKnownFileType = file.xib; path = ForgetPasswordTwoViewController.xib; sourceTree = "<group>"; };
		BC25382F1E9B76B5007232B3 /* Login.storyboard */ = {isa = PBXFileReference; fileEncoding = 4; lastKnownFileType = file.storyboard; path = Login.storyboard; sourceTree = "<group>"; };
		BC2538301E9B76B5007232B3 /* Login.xcassets */ = {isa = PBXFileReference; lastKnownFileType = folder.assetcatalog; path = Login.xcassets; sourceTree = "<group>"; };
		BC2538311E9B76B5007232B3 /* LoginViewController.h */ = {isa = PBXFileReference; fileEncoding = 4; lastKnownFileType = sourcecode.c.h; path = LoginViewController.h; sourceTree = "<group>"; };
		BC2538321E9B76B5007232B3 /* LoginViewController.m */ = {isa = PBXFileReference; fileEncoding = 4; lastKnownFileType = sourcecode.c.objc; path = LoginViewController.m; sourceTree = "<group>"; };
		BC2538331E9B76B5007232B3 /* RegisterOneViewController.h */ = {isa = PBXFileReference; fileEncoding = 4; lastKnownFileType = sourcecode.c.h; path = RegisterOneViewController.h; sourceTree = "<group>"; };
		BC2538341E9B76B5007232B3 /* RegisterOneViewController.m */ = {isa = PBXFileReference; fileEncoding = 4; lastKnownFileType = sourcecode.c.objc; path = RegisterOneViewController.m; sourceTree = "<group>"; };
		BC2538351E9B76B5007232B3 /* RegisterOneViewController.xib */ = {isa = PBXFileReference; fileEncoding = 4; lastKnownFileType = file.xib; path = RegisterOneViewController.xib; sourceTree = "<group>"; };
		BC2538361E9B76B5007232B3 /* RegisterTwoViewController.h */ = {isa = PBXFileReference; fileEncoding = 4; lastKnownFileType = sourcecode.c.h; path = RegisterTwoViewController.h; sourceTree = "<group>"; };
		BC2538371E9B76B5007232B3 /* RegisterTwoViewController.m */ = {isa = PBXFileReference; fileEncoding = 4; lastKnownFileType = sourcecode.c.objc; path = RegisterTwoViewController.m; sourceTree = "<group>"; };
		BC2538381E9B76B5007232B3 /* RegisterTwoViewController.xib */ = {isa = PBXFileReference; fileEncoding = 4; lastKnownFileType = file.xib; path = RegisterTwoViewController.xib; sourceTree = "<group>"; };
		BC2538391E9B76B5007232B3 /* RootLoginViewController.h */ = {isa = PBXFileReference; fileEncoding = 4; lastKnownFileType = sourcecode.c.h; path = RootLoginViewController.h; sourceTree = "<group>"; };
		BC25383A1E9B76B5007232B3 /* RootLoginViewController.m */ = {isa = PBXFileReference; fileEncoding = 4; lastKnownFileType = sourcecode.c.objc; path = RootLoginViewController.m; sourceTree = "<group>"; };
		BC2538511E9B7890007232B3 /* libUMessage_Sdk_1.4.0.a */ = {isa = PBXFileReference; lastKnownFileType = archive.ar; path = libUMessage_Sdk_1.4.0.a; sourceTree = "<group>"; };
		BC2538521E9B7890007232B3 /* UMessage.h */ = {isa = PBXFileReference; fileEncoding = 4; lastKnownFileType = sourcecode.c.h; path = UMessage.h; sourceTree = "<group>"; };
		BC2538541E9B7890007232B3 /* UMSocialCore.framework */ = {isa = PBXFileReference; lastKnownFileType = wrapper.framework; path = UMSocialCore.framework; sourceTree = "<group>"; };
		BC2538551E9B7890007232B3 /* UMSocialNetwork.framework */ = {isa = PBXFileReference; lastKnownFileType = wrapper.framework; path = UMSocialNetwork.framework; sourceTree = "<group>"; };
		BC2538561E9B7890007232B3 /* UMSocialSDKResources.bundle */ = {isa = PBXFileReference; lastKnownFileType = "wrapper.plug-in"; path = UMSocialSDKResources.bundle; sourceTree = "<group>"; };
		BC2538571E9B7890007232B3 /* UShareUI.framework */ = {isa = PBXFileReference; lastKnownFileType = wrapper.framework; path = UShareUI.framework; sourceTree = "<group>"; };
		BC2538591E9B7890007232B3 /* UMMobClick.framework */ = {isa = PBXFileReference; lastKnownFileType = wrapper.framework; path = UMMobClick.framework; sourceTree = "<group>"; };
		BC25385B1E9B7890007232B3 /* libSocialWeChat.a */ = {isa = PBXFileReference; lastKnownFileType = archive.ar; path = libSocialWeChat.a; sourceTree = "<group>"; };
		BC25385C1E9B7890007232B3 /* libWeChatSDK.a */ = {isa = PBXFileReference; lastKnownFileType = archive.ar; path = libWeChatSDK.a; sourceTree = "<group>"; };
		BC25385D1E9B7890007232B3 /* UMSocialWechatHandler.h */ = {isa = PBXFileReference; fileEncoding = 4; lastKnownFileType = sourcecode.c.h; path = UMSocialWechatHandler.h; sourceTree = "<group>"; };
		BC25385E1E9B7890007232B3 /* WXApi.h */ = {isa = PBXFileReference; fileEncoding = 4; lastKnownFileType = sourcecode.c.h; path = WXApi.h; sourceTree = "<group>"; };
		BC25385F1E9B7890007232B3 /* WXApiObject.h */ = {isa = PBXFileReference; fileEncoding = 4; lastKnownFileType = sourcecode.c.h; path = WXApiObject.h; sourceTree = "<group>"; };
		BC2538681E9B78D7007232B3 /* WeXinPayObject.h */ = {isa = PBXFileReference; fileEncoding = 4; lastKnownFileType = sourcecode.c.h; path = WeXinPayObject.h; sourceTree = "<group>"; };
		BC2538691E9B78D7007232B3 /* WeXinPayObject.m */ = {isa = PBXFileReference; fileEncoding = 4; lastKnownFileType = sourcecode.c.objc; path = WeXinPayObject.m; sourceTree = "<group>"; };
		BC25386B1E9B79FD007232B3 /* libz.tbd */ = {isa = PBXFileReference; lastKnownFileType = "sourcecode.text-based-dylib-definition"; name = libz.tbd; path = usr/lib/libz.tbd; sourceTree = SDKROOT; };
		BC25386D1E9B7A0C007232B3 /* libstdc++.6.0.9.tbd */ = {isa = PBXFileReference; lastKnownFileType = "sourcecode.text-based-dylib-definition"; name = "libstdc++.6.0.9.tbd"; path = "usr/lib/libstdc++.6.0.9.tbd"; sourceTree = SDKROOT; };
		BC25386F1E9B7A17007232B3 /* libsqlite3.tbd */ = {isa = PBXFileReference; lastKnownFileType = "sourcecode.text-based-dylib-definition"; name = libsqlite3.tbd; path = usr/lib/libsqlite3.tbd; sourceTree = SDKROOT; };
		BC3FB69C1E975E5100C06A95 /* Home.xcassets */ = {isa = PBXFileReference; lastKnownFileType = folder.assetcatalog; path = Home.xcassets; sourceTree = "<group>"; };
		BC3FB6A31E97638100C06A95 /* BillAmountDataModel.h */ = {isa = PBXFileReference; fileEncoding = 4; lastKnownFileType = sourcecode.c.h; path = BillAmountDataModel.h; sourceTree = "<group>"; };
		BC3FB6A41E97638100C06A95 /* BillAmountDataModel.m */ = {isa = PBXFileReference; fileEncoding = 4; lastKnownFileType = sourcecode.c.objc; path = BillAmountDataModel.m; sourceTree = "<group>"; };
		BC3FB6A61E9763A100C06A95 /* BillDataModel.h */ = {isa = PBXFileReference; fileEncoding = 4; lastKnownFileType = sourcecode.c.h; path = BillDataModel.h; sourceTree = "<group>"; };
		BC3FB6A71E9763A100C06A95 /* BillDataModel.m */ = {isa = PBXFileReference; fileEncoding = 4; lastKnownFileType = sourcecode.c.objc; path = BillDataModel.m; sourceTree = "<group>"; };
		BC3FB6A91E97651800C06A95 /* RootViewController.h */ = {isa = PBXFileReference; fileEncoding = 4; lastKnownFileType = sourcecode.c.h; path = RootViewController.h; sourceTree = "<group>"; };
		BC3FB6AA1E97651800C06A95 /* RootViewController.m */ = {isa = PBXFileReference; fileEncoding = 4; lastKnownFileType = sourcecode.c.objc; path = RootViewController.m; sourceTree = "<group>"; };
		BC3FB6AC1E9768EA00C06A95 /* BaseNavigationBar.h */ = {isa = PBXFileReference; fileEncoding = 4; lastKnownFileType = sourcecode.c.h; path = BaseNavigationBar.h; sourceTree = "<group>"; };
		BC3FB6AD1E9768EA00C06A95 /* BaseNavigationBar.m */ = {isa = PBXFileReference; fileEncoding = 4; lastKnownFileType = sourcecode.c.objc; path = BaseNavigationBar.m; sourceTree = "<group>"; };
		BC3FB6AE1E9768EA00C06A95 /* BaseNavigationBar.xib */ = {isa = PBXFileReference; fileEncoding = 4; lastKnownFileType = file.xib; path = BaseNavigationBar.xib; sourceTree = "<group>"; };
		BC3FB6B11E97691200C06A95 /* Public.xcassets */ = {isa = PBXFileReference; lastKnownFileType = folder.assetcatalog; path = Public.xcassets; sourceTree = "<group>"; };
		BC3FB6B41E9769A300C06A95 /* StateMentsMViewController.h */ = {isa = PBXFileReference; fileEncoding = 4; lastKnownFileType = sourcecode.c.h; path = StateMentsMViewController.h; sourceTree = "<group>"; };
		BC3FB6B51E9769A300C06A95 /* StateMentsMViewController.m */ = {isa = PBXFileReference; fileEncoding = 4; lastKnownFileType = sourcecode.c.objc; path = StateMentsMViewController.m; sourceTree = "<group>"; };
		BC3FB6B61E9769A300C06A95 /* StateMentsMViewController.xib */ = {isa = PBXFileReference; fileEncoding = 4; lastKnownFileType = file.xib; path = StateMentsMViewController.xib; sourceTree = "<group>"; };
		BC3FB6B91E976DDD00C06A95 /* StateMentTableViewCell.h */ = {isa = PBXFileReference; fileEncoding = 4; lastKnownFileType = sourcecode.c.h; path = StateMentTableViewCell.h; sourceTree = "<group>"; };
		BC3FB6BA1E976DDD00C06A95 /* StateMentTableViewCell.m */ = {isa = PBXFileReference; fileEncoding = 4; lastKnownFileType = sourcecode.c.objc; path = StateMentTableViewCell.m; sourceTree = "<group>"; };
		BC3FB6BB1E976DDD00C06A95 /* StateMentTableViewCell.xib */ = {isa = PBXFileReference; fileEncoding = 4; lastKnownFileType = file.xib; path = StateMentTableViewCell.xib; sourceTree = "<group>"; };
		BC8171FE1E9CD855004B97AB /* ShellCoinForMerchant.entitlements */ = {isa = PBXFileReference; lastKnownFileType = text.plist.entitlements; path = ShellCoinForMerchant.entitlements; sourceTree = "<group>"; };
		BCAC5D1A1E8268B4003CACF8 /* ShellCoinForMerchant.app */ = {isa = PBXFileReference; explicitFileType = wrapper.application; includeInIndex = 0; path = ShellCoinForMerchant.app; sourceTree = BUILT_PRODUCTS_DIR; };
		BCAC5D1E1E8268B4003CACF8 /* main.m */ = {isa = PBXFileReference; lastKnownFileType = sourcecode.c.objc; path = main.m; sourceTree = "<group>"; };
		BCAC5D201E8268B4003CACF8 /* AppDelegate.h */ = {isa = PBXFileReference; lastKnownFileType = sourcecode.c.h; path = AppDelegate.h; sourceTree = "<group>"; };
		BCAC5D211E8268B4003CACF8 /* AppDelegate.m */ = {isa = PBXFileReference; lastKnownFileType = sourcecode.c.objc; path = AppDelegate.m; sourceTree = "<group>"; };
		BCAC5D231E8268B4003CACF8 /* ViewController.h */ = {isa = PBXFileReference; lastKnownFileType = sourcecode.c.h; path = ViewController.h; sourceTree = "<group>"; };
		BCAC5D241E8268B4003CACF8 /* ViewController.m */ = {isa = PBXFileReference; lastKnownFileType = sourcecode.c.objc; path = ViewController.m; sourceTree = "<group>"; };
		BCAC5D271E8268B4003CACF8 /* Base */ = {isa = PBXFileReference; lastKnownFileType = file.storyboard; name = Base; path = Base.lproj/Main.storyboard; sourceTree = "<group>"; };
		BCAC5D2A1E8268B4003CACF8 /* ShellCoinForMerchant.xcdatamodel */ = {isa = PBXFileReference; lastKnownFileType = wrapper.xcdatamodel; path = ShellCoinForMerchant.xcdatamodel; sourceTree = "<group>"; };
		BCAC5D2C1E8268B4003CACF8 /* Assets.xcassets */ = {isa = PBXFileReference; lastKnownFileType = folder.assetcatalog; path = Assets.xcassets; sourceTree = "<group>"; };
		BCAC5D2F1E8268B4003CACF8 /* Base */ = {isa = PBXFileReference; lastKnownFileType = file.storyboard; name = Base; path = Base.lproj/LaunchScreen.storyboard; sourceTree = "<group>"; };
		BCAC5D311E8268B4003CACF8 /* Info.plist */ = {isa = PBXFileReference; lastKnownFileType = text.plist.xml; path = Info.plist; sourceTree = "<group>"; };
		BCAC5D361E8268B4003CACF8 /* ShellCoinForMerchantTests.xctest */ = {isa = PBXFileReference; explicitFileType = wrapper.cfbundle; includeInIndex = 0; path = ShellCoinForMerchantTests.xctest; sourceTree = BUILT_PRODUCTS_DIR; };
		BCAC5D3A1E8268B4003CACF8 /* ShellCoinForMerchantTests.m */ = {isa = PBXFileReference; lastKnownFileType = sourcecode.c.objc; path = ShellCoinForMerchantTests.m; sourceTree = "<group>"; };
		BCAC5D3C1E8268B4003CACF8 /* Info.plist */ = {isa = PBXFileReference; lastKnownFileType = text.plist.xml; path = Info.plist; sourceTree = "<group>"; };
		BCAC5D411E8268B4003CACF8 /* ShellCoinForMerchantUITests.xctest */ = {isa = PBXFileReference; explicitFileType = wrapper.cfbundle; includeInIndex = 0; path = ShellCoinForMerchantUITests.xctest; sourceTree = BUILT_PRODUCTS_DIR; };
		BCAC5D451E8268B4003CACF8 /* ShellCoinForMerchantUITests.m */ = {isa = PBXFileReference; lastKnownFileType = sourcecode.c.objc; path = ShellCoinForMerchantUITests.m; sourceTree = "<group>"; };
		BCAC5D471E8268B4003CACF8 /* Info.plist */ = {isa = PBXFileReference; lastKnownFileType = text.plist.xml; path = Info.plist; sourceTree = "<group>"; };
		EA34E77D7DC13C24BABC33D8 /* Pods-ShellCoinForMerchant.debug.xcconfig */ = {isa = PBXFileReference; includeInIndex = 1; lastKnownFileType = text.xcconfig; name = "Pods-ShellCoinForMerchant.debug.xcconfig"; path = "Pods/Target Support Files/Pods-ShellCoinForMerchant/Pods-ShellCoinForMerchant.debug.xcconfig"; sourceTree = "<group>"; };
/* End PBXFileReference section */

/* Begin PBXFrameworksBuildPhase section */
		BCAC5D171E8268B4003CACF8 /* Frameworks */ = {
			isa = PBXFrameworksBuildPhase;
			buildActionMask = 2147483647;
			files = (
				BC2538701E9B7A17007232B3 /* libsqlite3.tbd in Frameworks */,
				BC25386E1E9B7A0C007232B3 /* libstdc++.6.0.9.tbd in Frameworks */,
				BC25386C1E9B79FD007232B3 /* libz.tbd in Frameworks */,
				BC2538651E9B7890007232B3 /* UMMobClick.framework in Frameworks */,
				BC2538621E9B7890007232B3 /* UMSocialNetwork.framework in Frameworks */,
				BC2538671E9B7890007232B3 /* libWeChatSDK.a in Frameworks */,
				BC2538601E9B7890007232B3 /* libUMessage_Sdk_1.4.0.a in Frameworks */,
				BC2538661E9B7890007232B3 /* libSocialWeChat.a in Frameworks */,
				BC2538611E9B7890007232B3 /* UMSocialCore.framework in Frameworks */,
				14A3F32FA3535384F520B906 /* libPods-ShellCoinForMerchant.a in Frameworks */,
				BC2538641E9B7890007232B3 /* UShareUI.framework in Frameworks */,
			);
			runOnlyForDeploymentPostprocessing = 0;
		};
		BCAC5D331E8268B4003CACF8 /* Frameworks */ = {
			isa = PBXFrameworksBuildPhase;
			buildActionMask = 2147483647;
			files = (
			);
			runOnlyForDeploymentPostprocessing = 0;
		};
		BCAC5D3E1E8268B4003CACF8 /* Frameworks */ = {
			isa = PBXFrameworksBuildPhase;
			buildActionMask = 2147483647;
			files = (
			);
			runOnlyForDeploymentPostprocessing = 0;
		};
/* End PBXFrameworksBuildPhase section */

/* Begin PBXGroup section */
		B51E7F7009EBB967E6849C66 /* Frameworks */ = {
			isa = PBXGroup;
			children = (
				BC25386F1E9B7A17007232B3 /* libsqlite3.tbd */,
				BC25386D1E9B7A0C007232B3 /* libstdc++.6.0.9.tbd */,
				BC25386B1E9B79FD007232B3 /* libz.tbd */,
				842F9D262A12AD6836A31F64 /* libPods-ShellCoinForMerchant.a */,
			);
			name = Frameworks;
			sourceTree = "<group>";
		};
		BC085CA61E83645800572E8A /* Base */ = {
			isa = PBXGroup;
			children = (
				BC2537FC1E9B6AFE007232B3 /* SortButtonSwitchView.h */,
				BC2537FD1E9B6AFE007232B3 /* SortButtonSwitchView.m */,
				BC085CA71E83645800572E8A /* BaseCollectionViewCell.h */,
				BC085CA81E83645800572E8A /* BaseCollectionViewCell.m */,
				BC085CA91E83645800572E8A /* BaseHtmlViewController.h */,
				BC085CAA1E83645800572E8A /* BaseHtmlViewController.m */,
				BC085CAB1E83645800572E8A /* BaseModel.h */,
				BC085CAC1E83645800572E8A /* BaseModel.m */,
				BC085CB01E83645800572E8A /* BaseTableViewCell.h */,
				BC085CB11E83645800572E8A /* BaseTableViewCell.m */,
				BC085CB21E83645800572E8A /* BaseViewController.h */,
				BC085CB31E83645800572E8A /* BaseViewController.m */,
				BC085CB41E83645800572E8A /* ShellCoinUserInfo.h */,
				BC085CB51E83645800572E8A /* ShellCoinUserInfo.m */,
				BC3FB6AC1E9768EA00C06A95 /* BaseNavigationBar.h */,
				BC3FB6AD1E9768EA00C06A95 /* BaseNavigationBar.m */,
				BC3FB6AE1E9768EA00C06A95 /* BaseNavigationBar.xib */,
			);
			path = Base;
			sourceTree = "<group>";
		};
		BC085CBE1E83647C00572E8A /* Public */ = {
			isa = PBXGroup;
			children = (
				BC085CBF1E83647C00572E8A /* AutoScroller.h */,
				BC085CC01E83647C00572E8A /* AutoScroller.m */,
				BC085CC11E83647C00572E8A /* HttpClient */,
				BC085CCC1E83647C00572E8A /* JAlertViewHelper.h */,
				BC085CCD1E83647C00572E8A /* JAlertViewHelper.m */,
				BC085CCE1E83647C00572E8A /* LSPaoMaView.h */,
				BC085CCF1E83647C00572E8A /* LSPaoMaView.m */,
				BC085CD01E83647C00572E8A /* NewPagedFlowView.h */,
				BC085CD11E83647C00572E8A /* NewPagedFlowView.m */,
				BC085CD21E83647C00572E8A /* PGIndexBannerSubiew.h */,
				BC085CD31E83647C00572E8A /* PGIndexBannerSubiew.m */,
				BC085CD41E83647C00572E8A /* ShellCoinPageControlView.h */,
				BC085CD51E83647C00572E8A /* ShellCoinPageControlView.m */,
				BC085CD81E83647C00572E8A /* SwipeView.h */,
				BC085CD91E83647C00572E8A /* SwipeView.m */,
				BC085CDA1E83647C00572E8A /* Verify.h */,
				BC085CDB1E83647C00572E8A /* Verify.m */,
				BC2538111E9B6C7A007232B3 /* UIScrollView+NoDataSouce.h */,
				BC2538121E9B6C7A007232B3 /* UIScrollView+NoDataSouce.m */,
				BC2538131E9B6C7A007232B3 /* NothingView.h */,
				BC2538141E9B6C7A007232B3 /* NothingView.m */,
				BC2538151E9B6C7A007232B3 /* NothingView.xib */,
				BC2538681E9B78D7007232B3 /* WeXinPayObject.h */,
				BC2538691E9B78D7007232B3 /* WeXinPayObject.m */,
				BC3FB6B11E97691200C06A95 /* Public.xcassets */,
			);
			path = Public;
			sourceTree = "<group>";
		};
		BC085CC11E83647C00572E8A /* HttpClient */ = {
			isa = PBXGroup;
			children = (
				BC085CC21E83647C00572E8A /* 213955937960616.cer */,
				BC085CC31E83647C00572E8A /* BaseHttpClient.h */,
				BC085CC41E83647C00572E8A /* BaseHttpClient.m */,
				BC085CC51E83647C00572E8A /* HttpClient.h */,
				BC085CC61E83647C00572E8A /* HttpClient.m */,
				BC085CC71E83647C00572E8A /* HttpClient_Readme.txt */,
				BC085CC81E83647C00572E8A /* HttpClientAlertViewHelper.h */,
				BC085CC91E83647C00572E8A /* HttpClientAlertViewHelper.m */,
				BC085CCA1E83647C00572E8A /* HttpClientConstant.h */,
				BC085CCB1E83647C00572E8A /* NetworkRequestProtocal.h */,
			);
			path = HttpClient;
			sourceTree = "<group>";
		};
		BC085CEF1E836B3E00572E8A /* ThirdAPI */ = {
			isa = PBXGroup;
			children = (
				BC25384F1E9B7890007232B3 /* share */,
				BC085CF01E836B3E00572E8A /* Colours */,
				BC085CF31E836B3E00572E8A /* LBXScan */,
			);
			path = ThirdAPI;
			sourceTree = "<group>";
		};
		BC085CF01E836B3E00572E8A /* Colours */ = {
			isa = PBXGroup;
			children = (
				BC085CF11E836B3E00572E8A /* Colours.h */,
				BC085CF21E836B3E00572E8A /* Colours.m */,
			);
			path = Colours;
			sourceTree = "<group>";
		};
		BC085CF31E836B3E00572E8A /* LBXScan */ = {
			isa = PBXGroup;
			children = (
				BC085CF41E836B3E00572E8A /* CodeScan.bundle */,
				BC085CF51E836B3E00572E8A /* LBXAlertAction */,
				BC085CFD1E836B3F00572E8A /* LBXScanLineAnimation.h */,
				BC085CFE1E836B3F00572E8A /* LBXScanLineAnimation.m */,
				BC085CFF1E836B3F00572E8A /* LBXScanNative.h */,
				BC085D001E836B3F00572E8A /* LBXScanNative.m */,
				BC085D011E836B3F00572E8A /* LBXScanNetAnimation.h */,
				BC085D021E836B3F00572E8A /* LBXScanNetAnimation.m */,
				BC085D031E836B3F00572E8A /* LBXScanResult.h */,
				BC085D041E836B3F00572E8A /* LBXScanResult.m */,
				BC085D051E836B3F00572E8A /* LBXScanView.h */,
				BC085D061E836B3F00572E8A /* LBXScanView.m */,
				BC085D071E836B3F00572E8A /* LBXScanViewController.h */,
				BC085D081E836B3F00572E8A /* LBXScanViewController.m */,
				BC085D091E836B3F00572E8A /* LBXScanViewStyle.h */,
				BC085D0A1E836B3F00572E8A /* LBXScanViewStyle.m */,
				BC085D0B1E836B3F00572E8A /* LBXScanWrapper.h */,
				BC085D0C1E836B3F00572E8A /* LBXScanWrapper.m */,
				BC085D0D1E836B3F00572E8A /* LBXZXCapture.h */,
				BC085D0E1E836B3F00572E8A /* LBXZXCapture.m */,
				BC085D0F1E836B3F00572E8A /* LBXZXCaptureDelegate.h */,
				BC085D101E836B3F00572E8A /* ZXingWrapper.h */,
				BC085D111E836B3F00572E8A /* ZXingWrapper.m */,
			);
			path = LBXScan;
			sourceTree = "<group>";
		};
		BC085CF51E836B3E00572E8A /* LBXAlertAction */ = {
			isa = PBXGroup;
			children = (
				BC085CF61E836B3E00572E8A /* Class */,
				BC085CFB1E836B3F00572E8A /* LBXAlertAction.h */,
				BC085CFC1E836B3F00572E8A /* LBXAlertAction.m */,
			);
			path = LBXAlertAction;
			sourceTree = "<group>";
		};
		BC085CF61E836B3E00572E8A /* Class */ = {
			isa = PBXGroup;
			children = (
				BC085CF71E836B3E00572E8A /* UIActionSheet+LBXAlertAction.h */,
				BC085CF81E836B3F00572E8A /* UIActionSheet+LBXAlertAction.m */,
				BC085CF91E836B3F00572E8A /* UIAlertView+LBXAlertAction.h */,
				BC085CFA1E836B3F00572E8A /* UIAlertView+LBXAlertAction.m */,
			);
			path = Class;
			sourceTree = "<group>";
		};
		BC085D3D1E83712B00572E8A /* Home */ = {
			isa = PBXGroup;
			children = (
				BC085D431E83718200572E8A /* HomeViewController.h */,
				BC085D441E83718200572E8A /* HomeViewController.m */,
				BC3FB6A31E97638100C06A95 /* BillAmountDataModel.h */,
				BC3FB6A41E97638100C06A95 /* BillAmountDataModel.m */,
				BC3FB6A61E9763A100C06A95 /* BillDataModel.h */,
				BC3FB6A71E9763A100C06A95 /* BillDataModel.m */,
				BC3FB69C1E975E5100C06A95 /* Home.xcassets */,
				BC3FB6A91E97651800C06A95 /* RootViewController.h */,
				BC3FB6AA1E97651800C06A95 /* RootViewController.m */,
				BC2537F61E9B685D007232B3 /* OrderManagement */,
				BC2537F01E9B6029007232B3 /* Order entry */,
				BC3FB6B31E97699100C06A95 /* Statements management */,
			);
			path = Home;
			sourceTree = "<group>";
		};
		BC2537F01E9B6029007232B3 /* Order entry */ = {
			isa = PBXGroup;
			children = (
				BC2537F11E9B6042007232B3 /* OrderEntryViewController.h */,
				BC2537F21E9B6042007232B3 /* OrderEntryViewController.m */,
				BC2537F31E9B6042007232B3 /* OrderEntryViewController.xib */,
			);
			path = "Order entry";
			sourceTree = "<group>";
		};
		BC2537F61E9B685D007232B3 /* OrderManagement */ = {
			isa = PBXGroup;
			children = (
				BC2537F71E9B686F007232B3 /* OrderManamentViewController.h */,
				BC2537F81E9B686F007232B3 /* OrderManamentViewController.m */,
				BC2537F91E9B686F007232B3 /* OrderManamentViewController.xib */,
				BC2538231E9B720D007232B3 /* SureOrderView.h */,
				BC2538241E9B720D007232B3 /* SureOrderView.m */,
				BC2538251E9B720D007232B3 /* SureOrderView.xib */,
				BC25381E1E9B6E02007232B3 /* WaitSureOrderCell.h */,
				BC25381F1E9B6E02007232B3 /* WaitSureOrderCell.m */,
				BC2538201E9B6E02007232B3 /* WaitSureOrderCell.xib */,
				BC2538191E9B6D9B007232B3 /* YetCompleteOrderCell.h */,
				BC25381A1E9B6D9B007232B3 /* YetCompleteOrderCell.m */,
				BC25381B1E9B6D9B007232B3 /* YetCompleteOrderCell.xib */,
				BC2537FF1E9B6B6E007232B3 /* Bill1View.h */,
				BC2538001E9B6B6E007232B3 /* Bill1View.m */,
				BC2538011E9B6B6E007232B3 /* Bill1View.xib */,
				BC2538021E9B6B6E007232B3 /* Bill12View.h */,
				BC2538031E9B6B6E007232B3 /* Bill12View.m */,
				BC2538041E9B6B6E007232B3 /* Bill12View.xib */,
			);
			path = OrderManagement;
			sourceTree = "<group>";
		};
		BC2538281E9B76B5007232B3 /* Login */ = {
			isa = PBXGroup;
			children = (
				BC2538291E9B76B5007232B3 /* ForgetPasswordOneViewController.h */,
				BC25382A1E9B76B5007232B3 /* ForgetPasswordOneViewController.m */,
				BC25382B1E9B76B5007232B3 /* ForgetPasswordOneViewController.xib */,
				BC25382C1E9B76B5007232B3 /* ForgetPasswordTwoViewController.h */,
				BC25382D1E9B76B5007232B3 /* ForgetPasswordTwoViewController.m */,
				BC25382E1E9B76B5007232B3 /* ForgetPasswordTwoViewController.xib */,
				BC25382F1E9B76B5007232B3 /* Login.storyboard */,
				BC2538301E9B76B5007232B3 /* Login.xcassets */,
				BC2538311E9B76B5007232B3 /* LoginViewController.h */,
				BC2538321E9B76B5007232B3 /* LoginViewController.m */,
				BC2538331E9B76B5007232B3 /* RegisterOneViewController.h */,
				BC2538341E9B76B5007232B3 /* RegisterOneViewController.m */,
				BC2538351E9B76B5007232B3 /* RegisterOneViewController.xib */,
				BC2538361E9B76B5007232B3 /* RegisterTwoViewController.h */,
				BC2538371E9B76B5007232B3 /* RegisterTwoViewController.m */,
				BC2538381E9B76B5007232B3 /* RegisterTwoViewController.xib */,
				BC2538391E9B76B5007232B3 /* RootLoginViewController.h */,
				BC25383A1E9B76B5007232B3 /* RootLoginViewController.m */,
			);
			path = Login;
			sourceTree = "<group>";
		};
		BC25384F1E9B7890007232B3 /* share */ = {
			isa = PBXGroup;
			children = (
				BC2538501E9B7890007232B3 /* UMessage_Sdk_1.4.0 */,
				BC2538531E9B7890007232B3 /* UMSocial_Sdk_4.4 */,
				BC2538581E9B7890007232B3 /* UMStatistics_4.1.4 */,
				BC25385A1E9B7890007232B3 /* Wechat */,
			);
			path = share;
			sourceTree = "<group>";
		};
		BC2538501E9B7890007232B3 /* UMessage_Sdk_1.4.0 */ = {
			isa = PBXGroup;
			children = (
				BC2538511E9B7890007232B3 /* libUMessage_Sdk_1.4.0.a */,
				BC2538521E9B7890007232B3 /* UMessage.h */,
			);
			path = UMessage_Sdk_1.4.0;
			sourceTree = "<group>";
		};
		BC2538531E9B7890007232B3 /* UMSocial_Sdk_4.4 */ = {
			isa = PBXGroup;
			children = (
				BC2538541E9B7890007232B3 /* UMSocialCore.framework */,
				BC2538551E9B7890007232B3 /* UMSocialNetwork.framework */,
				BC2538561E9B7890007232B3 /* UMSocialSDKResources.bundle */,
				BC2538571E9B7890007232B3 /* UShareUI.framework */,
			);
			path = UMSocial_Sdk_4.4;
			sourceTree = "<group>";
		};
		BC2538581E9B7890007232B3 /* UMStatistics_4.1.4 */ = {
			isa = PBXGroup;
			children = (
				BC2538591E9B7890007232B3 /* UMMobClick.framework */,
			);
			path = UMStatistics_4.1.4;
			sourceTree = "<group>";
		};
		BC25385A1E9B7890007232B3 /* Wechat */ = {
			isa = PBXGroup;
			children = (
				BC25385B1E9B7890007232B3 /* libSocialWeChat.a */,
				BC25385C1E9B7890007232B3 /* libWeChatSDK.a */,
				BC25385D1E9B7890007232B3 /* UMSocialWechatHandler.h */,
				BC25385E1E9B7890007232B3 /* WXApi.h */,
				BC25385F1E9B7890007232B3 /* WXApiObject.h */,
			);
			path = Wechat;
			sourceTree = "<group>";
		};
		BC3FB6B31E97699100C06A95 /* Statements management */ = {
			isa = PBXGroup;
			children = (
				BC3FB6B41E9769A300C06A95 /* StateMentsMViewController.h */,
				BC3FB6B51E9769A300C06A95 /* StateMentsMViewController.m */,
				BC3FB6B61E9769A300C06A95 /* StateMentsMViewController.xib */,
				BC3FB6B91E976DDD00C06A95 /* StateMentTableViewCell.h */,
				BC3FB6BA1E976DDD00C06A95 /* StateMentTableViewCell.m */,
				BC3FB6BB1E976DDD00C06A95 /* StateMentTableViewCell.xib */,
				BC2537EB1E9B564F007232B3 /* SettlementPayWayView.h */,
				BC2537EC1E9B564F007232B3 /* SettlementPayWayView.m */,
				BC2537EE1E9B5658007232B3 /* SettlementPayWayView.xib */,
			);
			path = "Statements management";
			sourceTree = "<group>";
		};
		BCAC5D111E8268B4003CACF8 = {
			isa = PBXGroup;
			children = (
				BCAC5D1C1E8268B4003CACF8 /* ShellCoinForMerchant */,
				BCAC5D391E8268B4003CACF8 /* ShellCoinForMerchantTests */,
				BCAC5D441E8268B4003CACF8 /* ShellCoinForMerchantUITests */,
				BCAC5D1B1E8268B4003CACF8 /* Products */,
				CD765C11EB57757A1D2F7E02 /* Pods */,
				B51E7F7009EBB967E6849C66 /* Frameworks */,
			);
			sourceTree = "<group>";
		};
		BCAC5D1B1E8268B4003CACF8 /* Products */ = {
			isa = PBXGroup;
			children = (
				BCAC5D1A1E8268B4003CACF8 /* ShellCoinForMerchant.app */,
				BCAC5D361E8268B4003CACF8 /* ShellCoinForMerchantTests.xctest */,
				BCAC5D411E8268B4003CACF8 /* ShellCoinForMerchantUITests.xctest */,
			);
			name = Products;
			sourceTree = "<group>";
		};
		BCAC5D1C1E8268B4003CACF8 /* ShellCoinForMerchant */ = {
			isa = PBXGroup;
			children = (
				BC8171FE1E9CD855004B97AB /* ShellCoinForMerchant.entitlements */,
				BC2538281E9B76B5007232B3 /* Login */,
				BC085D3D1E83712B00572E8A /* Home */,
				BC085CEF1E836B3E00572E8A /* ThirdAPI */,
				BC085CBE1E83647C00572E8A /* Public */,
				BC085CA61E83645800572E8A /* Base */,
				BCAC5D201E8268B4003CACF8 /* AppDelegate.h */,
				BCAC5D211E8268B4003CACF8 /* AppDelegate.m */,
				BCAC5D241E8268B4003CACF8 /* ViewController.m */,
				BCAC5D231E8268B4003CACF8 /* ViewController.h */,
				BCAC5D261E8268B4003CACF8 /* Main.storyboard */,
				BCAC5D2C1E8268B4003CACF8 /* Assets.xcassets */,
				BCAC5D2E1E8268B4003CACF8 /* LaunchScreen.storyboard */,
				BCAC5D311E8268B4003CACF8 /* Info.plist */,
				BCAC5D291E8268B4003CACF8 /* ShellCoinForMerchant.xcdatamodeld */,
				BC085CED1E836ABB00572E8A /* PrefixHeader.pch */,
				BC085CEE1E836ABB00572E8A /* TTXMacro.h */,
				BCAC5D1D1E8268B4003CACF8 /* Supporting Files */,
			);
			path = ShellCoinForMerchant;
			sourceTree = "<group>";
		};
		BCAC5D1D1E8268B4003CACF8 /* Supporting Files */ = {
			isa = PBXGroup;
			children = (
				BCAC5D1E1E8268B4003CACF8 /* main.m */,
			);
			name = "Supporting Files";
			sourceTree = "<group>";
		};
		BCAC5D391E8268B4003CACF8 /* ShellCoinForMerchantTests */ = {
			isa = PBXGroup;
			children = (
				BCAC5D3A1E8268B4003CACF8 /* ShellCoinForMerchantTests.m */,
				BCAC5D3C1E8268B4003CACF8 /* Info.plist */,
			);
			path = ShellCoinForMerchantTests;
			sourceTree = "<group>";
		};
		BCAC5D441E8268B4003CACF8 /* ShellCoinForMerchantUITests */ = {
			isa = PBXGroup;
			children = (
				BCAC5D451E8268B4003CACF8 /* ShellCoinForMerchantUITests.m */,
				BCAC5D471E8268B4003CACF8 /* Info.plist */,
			);
			path = ShellCoinForMerchantUITests;
			sourceTree = "<group>";
		};
		CD765C11EB57757A1D2F7E02 /* Pods */ = {
			isa = PBXGroup;
			children = (
				EA34E77D7DC13C24BABC33D8 /* Pods-ShellCoinForMerchant.debug.xcconfig */,
				572BBA7B2F43A719AE18FDF0 /* Pods-ShellCoinForMerchant.release.xcconfig */,
			);
			name = Pods;
			sourceTree = "<group>";
		};
/* End PBXGroup section */

/* Begin PBXNativeTarget section */
		BCAC5D191E8268B4003CACF8 /* ShellCoinForMerchant */ = {
			isa = PBXNativeTarget;
			buildConfigurationList = BCAC5D4A1E8268B4003CACF8 /* Build configuration list for PBXNativeTarget "ShellCoinForMerchant" */;
			buildPhases = (
				580FB7A36DD10972513EC314 /* [CP] Check Pods Manifest.lock */,
				BCAC5D161E8268B4003CACF8 /* Sources */,
				BCAC5D171E8268B4003CACF8 /* Frameworks */,
				BCAC5D181E8268B4003CACF8 /* Resources */,
				6C62243ABDD9D002A9EA768B /* [CP] Embed Pods Frameworks */,
				D9122C185D0DD1EDD8538265 /* [CP] Copy Pods Resources */,
			);
			buildRules = (
			);
			dependencies = (
			);
			name = ShellCoinForMerchant;
			productName = ShellCoinForMerchant;
			productReference = BCAC5D1A1E8268B4003CACF8 /* ShellCoinForMerchant.app */;
			productType = "com.apple.product-type.application";
		};
		BCAC5D351E8268B4003CACF8 /* ShellCoinForMerchantTests */ = {
			isa = PBXNativeTarget;
			buildConfigurationList = BCAC5D4D1E8268B4003CACF8 /* Build configuration list for PBXNativeTarget "ShellCoinForMerchantTests" */;
			buildPhases = (
				BCAC5D321E8268B4003CACF8 /* Sources */,
				BCAC5D331E8268B4003CACF8 /* Frameworks */,
				BCAC5D341E8268B4003CACF8 /* Resources */,
			);
			buildRules = (
			);
			dependencies = (
				BCAC5D381E8268B4003CACF8 /* PBXTargetDependency */,
			);
			name = ShellCoinForMerchantTests;
			productName = ShellCoinForMerchantTests;
			productReference = BCAC5D361E8268B4003CACF8 /* ShellCoinForMerchantTests.xctest */;
			productType = "com.apple.product-type.bundle.unit-test";
		};
		BCAC5D401E8268B4003CACF8 /* ShellCoinForMerchantUITests */ = {
			isa = PBXNativeTarget;
			buildConfigurationList = BCAC5D501E8268B4003CACF8 /* Build configuration list for PBXNativeTarget "ShellCoinForMerchantUITests" */;
			buildPhases = (
				BCAC5D3D1E8268B4003CACF8 /* Sources */,
				BCAC5D3E1E8268B4003CACF8 /* Frameworks */,
				BCAC5D3F1E8268B4003CACF8 /* Resources */,
			);
			buildRules = (
			);
			dependencies = (
				BCAC5D431E8268B4003CACF8 /* PBXTargetDependency */,
			);
			name = ShellCoinForMerchantUITests;
			productName = ShellCoinForMerchantUITests;
			productReference = BCAC5D411E8268B4003CACF8 /* ShellCoinForMerchantUITests.xctest */;
			productType = "com.apple.product-type.bundle.ui-testing";
		};
/* End PBXNativeTarget section */

/* Begin PBXProject section */
		BCAC5D121E8268B4003CACF8 /* Project object */ = {
			isa = PBXProject;
			attributes = {
				LastUpgradeCheck = 0820;
				ORGANIZATIONNAME = Guo;
				TargetAttributes = {
					BCAC5D191E8268B4003CACF8 = {
						CreatedOnToolsVersion = 8.2.1;
						DevelopmentTeam = 4KU9646Y2X;
						ProvisioningStyle = Manual;
						SystemCapabilities = {
							com.apple.Push = {
								enabled = 1;
							};
						};
					};
					BCAC5D351E8268B4003CACF8 = {
						CreatedOnToolsVersion = 8.2.1;
						DevelopmentTeam = 33XXMRMT7P;
						ProvisioningStyle = Automatic;
						TestTargetID = BCAC5D191E8268B4003CACF8;
					};
					BCAC5D401E8268B4003CACF8 = {
						CreatedOnToolsVersion = 8.2.1;
						DevelopmentTeam = 33XXMRMT7P;
						ProvisioningStyle = Automatic;
						TestTargetID = BCAC5D191E8268B4003CACF8;
					};
				};
			};
			buildConfigurationList = BCAC5D151E8268B4003CACF8 /* Build configuration list for PBXProject "ShellCoinForMerchant" */;
			compatibilityVersion = "Xcode 3.2";
			developmentRegion = English;
			hasScannedForEncodings = 0;
			knownRegions = (
				en,
				Base,
			);
			mainGroup = BCAC5D111E8268B4003CACF8;
			productRefGroup = BCAC5D1B1E8268B4003CACF8 /* Products */;
			projectDirPath = "";
			projectRoot = "";
			targets = (
				BCAC5D191E8268B4003CACF8 /* ShellCoinForMerchant */,
				BCAC5D351E8268B4003CACF8 /* ShellCoinForMerchantTests */,
				BCAC5D401E8268B4003CACF8 /* ShellCoinForMerchantUITests */,
			);
		};
/* End PBXProject section */

/* Begin PBXResourcesBuildPhase section */
		BCAC5D181E8268B4003CACF8 /* Resources */ = {
			isa = PBXResourcesBuildPhase;
			buildActionMask = 2147483647;
			files = (
				BC2538431E9B76B5007232B3 /* RegisterOneViewController.xib in Resources */,
				BC2537FB1E9B686F007232B3 /* OrderManamentViewController.xib in Resources */,
				BC2538451E9B76B5007232B3 /* RegisterTwoViewController.xib in Resources */,
				BCAC5D301E8268B4003CACF8 /* LaunchScreen.storyboard in Resources */,
				BC2538181E9B6C7A007232B3 /* NothingView.xib in Resources */,
				BC2538631E9B7890007232B3 /* UMSocialSDKResources.bundle in Resources */,
				BCAC5D2D1E8268B4003CACF8 /* Assets.xcassets in Resources */,
				BC2538271E9B720D007232B3 /* SureOrderView.xib in Resources */,
				BC3FB6B81E9769A300C06A95 /* StateMentsMViewController.xib in Resources */,
				BC2538221E9B6E02007232B3 /* WaitSureOrderCell.xib in Resources */,
				BC25383C1E9B76B5007232B3 /* ForgetPasswordOneViewController.xib in Resources */,
				BC25383F1E9B76B5007232B3 /* Login.storyboard in Resources */,
				BC2538081E9B6B6E007232B3 /* Bill12View.xib in Resources */,
				BC3FB69D1E975E5100C06A95 /* Home.xcassets in Resources */,
				BC3FB6BD1E976DDD00C06A95 /* StateMentTableViewCell.xib in Resources */,
				BCAC5D281E8268B4003CACF8 /* Main.storyboard in Resources */,
				BC085D271E836B3F00572E8A /* CodeScan.bundle in Resources */,
				BC2537EF1E9B5658007232B3 /* SettlementPayWayView.xib in Resources */,
				BC25381D1E9B6D9B007232B3 /* YetCompleteOrderCell.xib in Resources */,
				BC2538401E9B76B5007232B3 /* Login.xcassets in Resources */,
				BC3FB6B01E9768EA00C06A95 /* BaseNavigationBar.xib in Resources */,
				BC085CDF1E83647C00572E8A /* 213955937960616.cer in Resources */,
				BC085CE21E83647C00572E8A /* HttpClient_Readme.txt in Resources */,
				BC3FB6B21E97691200C06A95 /* Public.xcassets in Resources */,
				BC2537F51E9B6042007232B3 /* OrderEntryViewController.xib in Resources */,
				BC2538061E9B6B6E007232B3 /* Bill1View.xib in Resources */,
				BC25383E1E9B76B5007232B3 /* ForgetPasswordTwoViewController.xib in Resources */,
			);
			runOnlyForDeploymentPostprocessing = 0;
		};
		BCAC5D341E8268B4003CACF8 /* Resources */ = {
			isa = PBXResourcesBuildPhase;
			buildActionMask = 2147483647;
			files = (
			);
			runOnlyForDeploymentPostprocessing = 0;
		};
		BCAC5D3F1E8268B4003CACF8 /* Resources */ = {
			isa = PBXResourcesBuildPhase;
			buildActionMask = 2147483647;
			files = (
			);
			runOnlyForDeploymentPostprocessing = 0;
		};
/* End PBXResourcesBuildPhase section */

/* Begin PBXShellScriptBuildPhase section */
		580FB7A36DD10972513EC314 /* [CP] Check Pods Manifest.lock */ = {
			isa = PBXShellScriptBuildPhase;
			buildActionMask = 2147483647;
			files = (
			);
			inputPaths = (
			);
			name = "[CP] Check Pods Manifest.lock";
			outputPaths = (
			);
			runOnlyForDeploymentPostprocessing = 0;
			shellPath = /bin/sh;
			shellScript = "diff \"${PODS_ROOT}/../Podfile.lock\" \"${PODS_ROOT}/Manifest.lock\" > /dev/null\nif [ $? != 0 ] ; then\n    # print error to STDERR\n    echo \"error: The sandbox is not in sync with the Podfile.lock. Run 'pod install' or update your CocoaPods installation.\" >&2\n    exit 1\nfi\n";
			showEnvVarsInLog = 0;
		};
		6C62243ABDD9D002A9EA768B /* [CP] Embed Pods Frameworks */ = {
			isa = PBXShellScriptBuildPhase;
			buildActionMask = 2147483647;
			files = (
			);
			inputPaths = (
			);
			name = "[CP] Embed Pods Frameworks";
			outputPaths = (
			);
			runOnlyForDeploymentPostprocessing = 0;
			shellPath = /bin/sh;
			shellScript = "\"${SRCROOT}/Pods/Target Support Files/Pods-ShellCoinForMerchant/Pods-ShellCoinForMerchant-frameworks.sh\"\n";
			showEnvVarsInLog = 0;
		};
		D9122C185D0DD1EDD8538265 /* [CP] Copy Pods Resources */ = {
			isa = PBXShellScriptBuildPhase;
			buildActionMask = 2147483647;
			files = (
			);
			inputPaths = (
			);
			name = "[CP] Copy Pods Resources";
			outputPaths = (
			);
			runOnlyForDeploymentPostprocessing = 0;
			shellPath = /bin/sh;
			shellScript = "\"${SRCROOT}/Pods/Target Support Files/Pods-ShellCoinForMerchant/Pods-ShellCoinForMerchant-resources.sh\"\n";
			showEnvVarsInLog = 0;
		};
/* End PBXShellScriptBuildPhase section */

/* Begin PBXSourcesBuildPhase section */
		BCAC5D161E8268B4003CACF8 /* Sources */ = {
			isa = PBXSourcesBuildPhase;
			buildActionMask = 2147483647;
			files = (
				BC2538461E9B76B5007232B3 /* RootLoginViewController.m in Sources */,
				BC085CEB1E83647C00572E8A /* Verify.m in Sources */,
				BC2537ED1E9B564F007232B3 /* SettlementPayWayView.m in Sources */,
				BC3FB6BC1E976DDD00C06A95 /* StateMentTableViewCell.m in Sources */,
				BC2538071E9B6B6E007232B3 /* Bill12View.m in Sources */,
				BC085D2E1E836B3F00572E8A /* LBXScanResult.m in Sources */,
				BC085CBC1E83645800572E8A /* BaseViewController.m in Sources */,
				BC25381C1E9B6D9B007232B3 /* YetCompleteOrderCell.m in Sources */,
				BC085D311E836B3F00572E8A /* LBXScanViewStyle.m in Sources */,
				BC085CE51E83647C00572E8A /* LSPaoMaView.m in Sources */,
				BCAC5D251E8268B4003CACF8 /* ViewController.m in Sources */,
				BC085D301E836B3F00572E8A /* LBXScanViewController.m in Sources */,
				BC085CE31E83647C00572E8A /* HttpClientAlertViewHelper.m in Sources */,
				BC3FB6B71E9769A300C06A95 /* StateMentsMViewController.m in Sources */,
				BC085D2A1E836B3F00572E8A /* LBXAlertAction.m in Sources */,
				BC2538421E9B76B5007232B3 /* RegisterOneViewController.m in Sources */,
				BC085D2B1E836B3F00572E8A /* LBXScanLineAnimation.m in Sources */,
				BC085CEA1E83647C00572E8A /* SwipeView.m in Sources */,
				BC2538211E9B6E02007232B3 /* WaitSureOrderCell.m in Sources */,
				BC25386A1E9B78D7007232B3 /* WeXinPayObject.m in Sources */,
				BC085D331E836B3F00572E8A /* LBXZXCapture.m in Sources */,
				BC085D451E83718200572E8A /* HomeViewController.m in Sources */,
				BC085D2D1E836B3F00572E8A /* LBXScanNetAnimation.m in Sources */,
				BC3FB6AF1E9768EA00C06A95 /* BaseNavigationBar.m in Sources */,
				BC2538441E9B76B5007232B3 /* RegisterTwoViewController.m in Sources */,
				BC085CB61E83645800572E8A /* BaseCollectionViewCell.m in Sources */,
				BC085CB71E83645800572E8A /* BaseHtmlViewController.m in Sources */,
				BC2538171E9B6C7A007232B3 /* NothingView.m in Sources */,
				BC2538051E9B6B6E007232B3 /* Bill1View.m in Sources */,
				BCAC5D2B1E8268B4003CACF8 /* ShellCoinForMerchant.xcdatamodeld in Sources */,
				BC085CE41E83647C00572E8A /* JAlertViewHelper.m in Sources */,
				BC085D341E836B3F00572E8A /* ZXingWrapper.m in Sources */,
				BC085CB81E83645800572E8A /* BaseModel.m in Sources */,
				BC085D2C1E836B3F00572E8A /* LBXScanNative.m in Sources */,
				BCAC5D221E8268B4003CACF8 /* AppDelegate.m in Sources */,
				BC085D291E836B3F00572E8A /* UIAlertView+LBXAlertAction.m in Sources */,
				BC085CE11E83647C00572E8A /* HttpClient.m in Sources */,
				BC085CDE1E83647C00572E8A /* AutoScroller.m in Sources */,
				BC085D2F1E836B3F00572E8A /* LBXScanView.m in Sources */,
				BC25383B1E9B76B5007232B3 /* ForgetPasswordOneViewController.m in Sources */,
				BC2537F41E9B6042007232B3 /* OrderEntryViewController.m in Sources */,
				BC085CBD1E83645800572E8A /* ShellCoinUserInfo.m in Sources */,
				BC085CE81E83647C00572E8A /* ShellCoinPageControlView.m in Sources */,
				BC2537FA1E9B686F007232B3 /* OrderManamentViewController.m in Sources */,
				BC085D321E836B3F00572E8A /* LBXScanWrapper.m in Sources */,
				BCAC5D1F1E8268B4003CACF8 /* main.m in Sources */,
				BC3FB6AB1E97651800C06A95 /* RootViewController.m in Sources */,
				BC085CBB1E83645800572E8A /* BaseTableViewCell.m in Sources */,
				BC3FB6A51E97638100C06A95 /* BillAmountDataModel.m in Sources */,
				BC25383D1E9B76B5007232B3 /* ForgetPasswordTwoViewController.m in Sources */,
				BC085D261E836B3F00572E8A /* Colours.m in Sources */,
				BC085CE71E83647C00572E8A /* PGIndexBannerSubiew.m in Sources */,
				BC2537FE1E9B6AFE007232B3 /* SortButtonSwitchView.m in Sources */,
				BC2538261E9B720D007232B3 /* SureOrderView.m in Sources */,
				BC3FB6A81E9763A100C06A95 /* BillDataModel.m in Sources */,
				BC085CE01E83647C00572E8A /* BaseHttpClient.m in Sources */,
				BC2538411E9B76B5007232B3 /* LoginViewController.m in Sources */,
				BC085CE61E83647C00572E8A /* NewPagedFlowView.m in Sources */,
				BC085D281E836B3F00572E8A /* UIActionSheet+LBXAlertAction.m in Sources */,
				BC2538161E9B6C7A007232B3 /* UIScrollView+NoDataSouce.m in Sources */,
			);
			runOnlyForDeploymentPostprocessing = 0;
		};
		BCAC5D321E8268B4003CACF8 /* Sources */ = {
			isa = PBXSourcesBuildPhase;
			buildActionMask = 2147483647;
			files = (
				BCAC5D3B1E8268B4003CACF8 /* ShellCoinForMerchantTests.m in Sources */,
			);
			runOnlyForDeploymentPostprocessing = 0;
		};
		BCAC5D3D1E8268B4003CACF8 /* Sources */ = {
			isa = PBXSourcesBuildPhase;
			buildActionMask = 2147483647;
			files = (
				BCAC5D461E8268B4003CACF8 /* ShellCoinForMerchantUITests.m in Sources */,
			);
			runOnlyForDeploymentPostprocessing = 0;
		};
/* End PBXSourcesBuildPhase section */

/* Begin PBXTargetDependency section */
		BCAC5D381E8268B4003CACF8 /* PBXTargetDependency */ = {
			isa = PBXTargetDependency;
			target = BCAC5D191E8268B4003CACF8 /* ShellCoinForMerchant */;
			targetProxy = BCAC5D371E8268B4003CACF8 /* PBXContainerItemProxy */;
		};
		BCAC5D431E8268B4003CACF8 /* PBXTargetDependency */ = {
			isa = PBXTargetDependency;
			target = BCAC5D191E8268B4003CACF8 /* ShellCoinForMerchant */;
			targetProxy = BCAC5D421E8268B4003CACF8 /* PBXContainerItemProxy */;
		};
/* End PBXTargetDependency section */

/* Begin PBXVariantGroup section */
		BCAC5D261E8268B4003CACF8 /* Main.storyboard */ = {
			isa = PBXVariantGroup;
			children = (
				BCAC5D271E8268B4003CACF8 /* Base */,
			);
			name = Main.storyboard;
			sourceTree = "<group>";
		};
		BCAC5D2E1E8268B4003CACF8 /* LaunchScreen.storyboard */ = {
			isa = PBXVariantGroup;
			children = (
				BCAC5D2F1E8268B4003CACF8 /* Base */,
			);
			name = LaunchScreen.storyboard;
			sourceTree = "<group>";
		};
/* End PBXVariantGroup section */

/* Begin XCBuildConfiguration section */
		BCAC5D481E8268B4003CACF8 /* Debug */ = {
			isa = XCBuildConfiguration;
			buildSettings = {
				ALWAYS_SEARCH_USER_PATHS = NO;
				CLANG_ANALYZER_NONNULL = YES;
				CLANG_CXX_LANGUAGE_STANDARD = "gnu++0x";
				CLANG_CXX_LIBRARY = "libc++";
				CLANG_ENABLE_MODULES = YES;
				CLANG_ENABLE_OBJC_ARC = YES;
				CLANG_WARN_BOOL_CONVERSION = YES;
				CLANG_WARN_CONSTANT_CONVERSION = YES;
				CLANG_WARN_DIRECT_OBJC_ISA_USAGE = YES_ERROR;
				CLANG_WARN_DOCUMENTATION_COMMENTS = YES;
				CLANG_WARN_EMPTY_BODY = YES;
				CLANG_WARN_ENUM_CONVERSION = YES;
				CLANG_WARN_INFINITE_RECURSION = YES;
				CLANG_WARN_INT_CONVERSION = YES;
				CLANG_WARN_OBJC_ROOT_CLASS = YES_ERROR;
				CLANG_WARN_SUSPICIOUS_MOVE = YES;
				CLANG_WARN_UNREACHABLE_CODE = YES;
				CLANG_WARN__DUPLICATE_METHOD_MATCH = YES;
				"CODE_SIGN_IDENTITY[sdk=iphoneos*]" = "iPhone Developer";
				COPY_PHASE_STRIP = NO;
				DEBUG_INFORMATION_FORMAT = dwarf;
				ENABLE_STRICT_OBJC_MSGSEND = YES;
				ENABLE_TESTABILITY = YES;
				GCC_C_LANGUAGE_STANDARD = gnu99;
				GCC_DYNAMIC_NO_PIC = NO;
				GCC_NO_COMMON_BLOCKS = YES;
				GCC_OPTIMIZATION_LEVEL = 0;
				GCC_PREPROCESSOR_DEFINITIONS = (
					"DEBUG=1",
					"$(inherited)",
				);
				GCC_WARN_64_TO_32_BIT_CONVERSION = YES;
				GCC_WARN_ABOUT_RETURN_TYPE = YES_ERROR;
				GCC_WARN_UNDECLARED_SELECTOR = YES;
				GCC_WARN_UNINITIALIZED_AUTOS = YES_AGGRESSIVE;
				GCC_WARN_UNUSED_FUNCTION = YES;
				GCC_WARN_UNUSED_VARIABLE = YES;
				IPHONEOS_DEPLOYMENT_TARGET = 10.2;
				MTL_ENABLE_DEBUG_INFO = YES;
				ONLY_ACTIVE_ARCH = YES;
				SDKROOT = iphoneos;
				TARGETED_DEVICE_FAMILY = "1,2";
			};
			name = Debug;
		};
		BCAC5D491E8268B4003CACF8 /* Release */ = {
			isa = XCBuildConfiguration;
			buildSettings = {
				ALWAYS_SEARCH_USER_PATHS = NO;
				CLANG_ANALYZER_NONNULL = YES;
				CLANG_CXX_LANGUAGE_STANDARD = "gnu++0x";
				CLANG_CXX_LIBRARY = "libc++";
				CLANG_ENABLE_MODULES = YES;
				CLANG_ENABLE_OBJC_ARC = YES;
				CLANG_WARN_BOOL_CONVERSION = YES;
				CLANG_WARN_CONSTANT_CONVERSION = YES;
				CLANG_WARN_DIRECT_OBJC_ISA_USAGE = YES_ERROR;
				CLANG_WARN_DOCUMENTATION_COMMENTS = YES;
				CLANG_WARN_EMPTY_BODY = YES;
				CLANG_WARN_ENUM_CONVERSION = YES;
				CLANG_WARN_INFINITE_RECURSION = YES;
				CLANG_WARN_INT_CONVERSION = YES;
				CLANG_WARN_OBJC_ROOT_CLASS = YES_ERROR;
				CLANG_WARN_SUSPICIOUS_MOVE = YES;
				CLANG_WARN_UNREACHABLE_CODE = YES;
				CLANG_WARN__DUPLICATE_METHOD_MATCH = YES;
				"CODE_SIGN_IDENTITY[sdk=iphoneos*]" = "iPhone Developer";
				COPY_PHASE_STRIP = NO;
				DEBUG_INFORMATION_FORMAT = "dwarf-with-dsym";
				ENABLE_NS_ASSERTIONS = NO;
				ENABLE_STRICT_OBJC_MSGSEND = YES;
				GCC_C_LANGUAGE_STANDARD = gnu99;
				GCC_NO_COMMON_BLOCKS = YES;
				GCC_WARN_64_TO_32_BIT_CONVERSION = YES;
				GCC_WARN_ABOUT_RETURN_TYPE = YES_ERROR;
				GCC_WARN_UNDECLARED_SELECTOR = YES;
				GCC_WARN_UNINITIALIZED_AUTOS = YES_AGGRESSIVE;
				GCC_WARN_UNUSED_FUNCTION = YES;
				GCC_WARN_UNUSED_VARIABLE = YES;
				IPHONEOS_DEPLOYMENT_TARGET = 10.2;
				MTL_ENABLE_DEBUG_INFO = NO;
				SDKROOT = iphoneos;
				TARGETED_DEVICE_FAMILY = "1,2";
				VALIDATE_PRODUCT = YES;
			};
			name = Release;
		};
		BCAC5D4B1E8268B4003CACF8 /* Debug */ = {
			isa = XCBuildConfiguration;
			baseConfigurationReference = EA34E77D7DC13C24BABC33D8 /* Pods-ShellCoinForMerchant.debug.xcconfig */;
			buildSettings = {
				ASSETCATALOG_COMPILER_APPICON_NAME = AppIcon;
				CODE_SIGN_ENTITLEMENTS = ShellCoinForMerchant/ShellCoinForMerchant.entitlements;
				CODE_SIGN_IDENTITY = "iPhone Developer: xu han (9L2S5LBXA3)";
				DEVELOPMENT_TEAM = 4KU9646Y2X;
				FRAMEWORK_SEARCH_PATHS = (
					"$(inherited)",
					"$(PROJECT_DIR)/ShellCoinForMerchant/ThirdAPI/share/UMSocial_Sdk_4.4",
					"$(PROJECT_DIR)/ShellCoinForMerchant/ThirdAPI/UMStatistics_4.1.4",
					"$(PROJECT_DIR)/ShellCoinForMerchant/ThirdAPI/share/UMStatistics_4.1.4",
				);
				GCC_PREFIX_HEADER = "$(SRCROOT)/ShellCoinForMerchant/PrefixHeader.pch";
				INFOPLIST_FILE = ShellCoinForMerchant/Info.plist;
				LD_RUNPATH_SEARCH_PATHS = "$(inherited) @executable_path/Frameworks";
				LIBRARY_SEARCH_PATHS = (
					"$(inherited)",
					"$(PROJECT_DIR)/ShellCoinForMerchant/ThirdAPI/share/UMessage_Sdk_1.2.3",
					"$(PROJECT_DIR)/ShellCoinForMerchant/ThirdAPI/share/Wechat",
					"$(PROJECT_DIR)/ShellCoinForMerchant/ThirdAPI/share/UMessage_Sdk_1.4.0",
				);
				PRODUCT_BUNDLE_IDENTIFIER = com.Letopop.ShellCoinForMer;
				PRODUCT_NAME = "$(TARGET_NAME)";
				PROVISIONING_PROFILE = "44c28543-ac6f-4a60-a1fb-294f0b0912d6";
				PROVISIONING_PROFILE_SPECIFIER = shellCoinMerchantDelopment;
			};
			name = Debug;
		};
		BCAC5D4C1E8268B4003CACF8 /* Release */ = {
			isa = XCBuildConfiguration;
			baseConfigurationReference = 572BBA7B2F43A719AE18FDF0 /* Pods-ShellCoinForMerchant.release.xcconfig */;
			buildSettings = {
				ASSETCATALOG_COMPILER_APPICON_NAME = AppIcon;
				CODE_SIGN_ENTITLEMENTS = ShellCoinForMerchant/ShellCoinForMerchant.entitlements;
				CODE_SIGN_IDENTITY = "iPhone Developer: xu han (9L2S5LBXA3)";
				DEVELOPMENT_TEAM = 4KU9646Y2X;
				FRAMEWORK_SEARCH_PATHS = (
					"$(inherited)",
					"$(PROJECT_DIR)/ShellCoinForMerchant/ThirdAPI/share/UMSocial_Sdk_4.4",
					"$(PROJECT_DIR)/ShellCoinForMerchant/ThirdAPI/UMStatistics_4.1.4",
					"$(PROJECT_DIR)/ShellCoinForMerchant/ThirdAPI/share/UMStatistics_4.1.4",
				);
				GCC_PREFIX_HEADER = "$(SRCROOT)/ShellCoinForMerchant/PrefixHeader.pch";
				INFOPLIST_FILE = ShellCoinForMerchant/Info.plist;
				LD_RUNPATH_SEARCH_PATHS = "$(inherited) @executable_path/Frameworks";
				LIBRARY_SEARCH_PATHS = (
					"$(inherited)",
					"$(PROJECT_DIR)/ShellCoinForMerchant/ThirdAPI/share/UMessage_Sdk_1.2.3",
					"$(PROJECT_DIR)/ShellCoinForMerchant/ThirdAPI/share/Wechat",
					"$(PROJECT_DIR)/ShellCoinForMerchant/ThirdAPI/share/UMessage_Sdk_1.4.0",
				);
				PRODUCT_BUNDLE_IDENTIFIER = com.Letopop.ShellCoinForMer;
				PRODUCT_NAME = "$(TARGET_NAME)";
				PROVISIONING_PROFILE = "44c28543-ac6f-4a60-a1fb-294f0b0912d6";
				PROVISIONING_PROFILE_SPECIFIER = shellCoinMerchantDelopment;
			};
			name = Release;
		};
		BCAC5D4E1E8268B4003CACF8 /* Debug */ = {
			isa = XCBuildConfiguration;
			buildSettings = {
				BUNDLE_LOADER = "$(TEST_HOST)";
				DEVELOPMENT_TEAM = 33XXMRMT7P;
				INFOPLIST_FILE = ShellCoinForMerchantTests/Info.plist;
				LD_RUNPATH_SEARCH_PATHS = "$(inherited) @executable_path/Frameworks @loader_path/Frameworks";
				PRODUCT_BUNDLE_IDENTIFIER = com.Letopop.ShellCoinForMerchantTests;
				PRODUCT_NAME = "$(TARGET_NAME)";
				TEST_HOST = "$(BUILT_PRODUCTS_DIR)/ShellCoinForMerchant.app/ShellCoinForMerchant";
			};
			name = Debug;
		};
		BCAC5D4F1E8268B4003CACF8 /* Release */ = {
			isa = XCBuildConfiguration;
			buildSettings = {
				BUNDLE_LOADER = "$(TEST_HOST)";
				DEVELOPMENT_TEAM = 33XXMRMT7P;
				INFOPLIST_FILE = ShellCoinForMerchantTests/Info.plist;
				LD_RUNPATH_SEARCH_PATHS = "$(inherited) @executable_path/Frameworks @loader_path/Frameworks";
				PRODUCT_BUNDLE_IDENTIFIER = com.Letopop.ShellCoinForMerchantTests;
				PRODUCT_NAME = "$(TARGET_NAME)";
				TEST_HOST = "$(BUILT_PRODUCTS_DIR)/ShellCoinForMerchant.app/ShellCoinForMerchant";
			};
			name = Release;
		};
		BCAC5D511E8268B4003CACF8 /* Debug */ = {
			isa = XCBuildConfiguration;
			buildSettings = {
				DEVELOPMENT_TEAM = 33XXMRMT7P;
				INFOPLIST_FILE = ShellCoinForMerchantUITests/Info.plist;
				LD_RUNPATH_SEARCH_PATHS = "$(inherited) @executable_path/Frameworks @loader_path/Frameworks";
				PRODUCT_BUNDLE_IDENTIFIER = com.Letopop.ShellCoinForMerchantUITests;
				PRODUCT_NAME = "$(TARGET_NAME)";
				TEST_TARGET_NAME = ShellCoinForMerchant;
			};
			name = Debug;
		};
		BCAC5D521E8268B4003CACF8 /* Release */ = {
			isa = XCBuildConfiguration;
			buildSettings = {
				DEVELOPMENT_TEAM = 33XXMRMT7P;
				INFOPLIST_FILE = ShellCoinForMerchantUITests/Info.plist;
				LD_RUNPATH_SEARCH_PATHS = "$(inherited) @executable_path/Frameworks @loader_path/Frameworks";
				PRODUCT_BUNDLE_IDENTIFIER = com.Letopop.ShellCoinForMerchantUITests;
				PRODUCT_NAME = "$(TARGET_NAME)";
				TEST_TARGET_NAME = ShellCoinForMerchant;
			};
			name = Release;
		};
/* End XCBuildConfiguration section */

/* Begin XCConfigurationList section */
		BCAC5D151E8268B4003CACF8 /* Build configuration list for PBXProject "ShellCoinForMerchant" */ = {
			isa = XCConfigurationList;
			buildConfigurations = (
				BCAC5D481E8268B4003CACF8 /* Debug */,
				BCAC5D491E8268B4003CACF8 /* Release */,
			);
			defaultConfigurationIsVisible = 0;
			defaultConfigurationName = Release;
		};
		BCAC5D4A1E8268B4003CACF8 /* Build configuration list for PBXNativeTarget "ShellCoinForMerchant" */ = {
			isa = XCConfigurationList;
			buildConfigurations = (
				BCAC5D4B1E8268B4003CACF8 /* Debug */,
				BCAC5D4C1E8268B4003CACF8 /* Release */,
			);
			defaultConfigurationIsVisible = 0;
			defaultConfigurationName = Release;
		};
		BCAC5D4D1E8268B4003CACF8 /* Build configuration list for PBXNativeTarget "ShellCoinForMerchantTests" */ = {
			isa = XCConfigurationList;
			buildConfigurations = (
				BCAC5D4E1E8268B4003CACF8 /* Debug */,
				BCAC5D4F1E8268B4003CACF8 /* Release */,
			);
			defaultConfigurationIsVisible = 0;
			defaultConfigurationName = Release;
		};
		BCAC5D501E8268B4003CACF8 /* Build configuration list for PBXNativeTarget "ShellCoinForMerchantUITests" */ = {
			isa = XCConfigurationList;
			buildConfigurations = (
				BCAC5D511E8268B4003CACF8 /* Debug */,
				BCAC5D521E8268B4003CACF8 /* Release */,
			);
			defaultConfigurationIsVisible = 0;
			defaultConfigurationName = Release;
		};
/* End XCConfigurationList section */

/* Begin XCVersionGroup section */
		BCAC5D291E8268B4003CACF8 /* ShellCoinForMerchant.xcdatamodeld */ = {
			isa = XCVersionGroup;
			children = (
				BCAC5D2A1E8268B4003CACF8 /* ShellCoinForMerchant.xcdatamodel */,
			);
			currentVersion = BCAC5D2A1E8268B4003CACF8 /* ShellCoinForMerchant.xcdatamodel */;
			path = ShellCoinForMerchant.xcdatamodeld;
			sourceTree = "<group>";
			versionGroupType = wrapper.xcdatamodel;
		};
/* End XCVersionGroup section */
	};
	rootObject = BCAC5D121E8268B4003CACF8 /* Project object */;
}
